// !$*UTF8*$!
{
	archiveVersion = 1;
	classes = {
	};
	objectVersion = 51;
	objects = {

/* Begin PBXBuildFile section */
		2D1F4326254D138E0058AED0 /* AppDelegate.swift in Sources */ = {isa = PBXBuildFile; fileRef = 2D1F4325254D138E0058AED0 /* AppDelegate.swift */; };
		2D1F4328254D138E0058AED0 /* SceneDelegate.swift in Sources */ = {isa = PBXBuildFile; fileRef = 2D1F4327254D138E0058AED0 /* SceneDelegate.swift */; };
		2D1F432A254D138E0058AED0 /* ViewController.swift in Sources */ = {isa = PBXBuildFile; fileRef = 2D1F4329254D138E0058AED0 /* ViewController.swift */; };
		2D1F433D254D13900058AED0 /* NimbleSurveyTests.swift in Sources */ = {isa = PBXBuildFile; fileRef = 2D1F433C254D13900058AED0 /* NimbleSurveyTests.swift */; };
		2D1F4348254D13900058AED0 /* NimbleSurveyUITests.swift in Sources */ = {isa = PBXBuildFile; fileRef = 2D1F4347254D13900058AED0 /* NimbleSurveyUITests.swift */; };
		2D1F4376254D13C50058AED0 /* Constant.swift in Sources */ = {isa = PBXBuildFile; fileRef = 2D1F4375254D13C50058AED0 /* Constant.swift */; };
		2D1F4390254D13D90058AED0 /* LocatorRegister.swift in Sources */ = {isa = PBXBuildFile; fileRef = 2D1F437B254D13D80058AED0 /* LocatorRegister.swift */; };
		2D1F4391254D13D90058AED0 /* ApiRegister.swift in Sources */ = {isa = PBXBuildFile; fileRef = 2D1F437C254D13D80058AED0 /* ApiRegister.swift */; };
		2D1F4392254D13D90058AED0 /* L10nRegister.swift in Sources */ = {isa = PBXBuildFile; fileRef = 2D1F437D254D13D80058AED0 /* L10nRegister.swift */; };
		2D1F4393254D13D90058AED0 /* Landing.storyboard in Resources */ = {isa = PBXBuildFile; fileRef = 2D1F4380254D13D80058AED0 /* Landing.storyboard */; };
		2D1F4399254D13D90058AED0 /* AuthVM.swift in Sources */ = {isa = PBXBuildFile; fileRef = 2D1F438D254D13D90058AED0 /* AuthVM.swift */; };
		2D1F439A254D13D90058AED0 /* UserInfo.swift in Sources */ = {isa = PBXBuildFile; fileRef = 2D1F438F254D13D90058AED0 /* UserInfo.swift */; };
		2D1F43CE254D159A0058AED0 /* LaunchScreen.storyboard in Resources */ = {isa = PBXBuildFile; fileRef = 2D1F43CD254D159A0058AED0 /* LaunchScreen.storyboard */; };
		2D1F43DA254D16A10058AED0 /* ApiException.swift in Sources */ = {isa = PBXBuildFile; fileRef = 2D1F43D6254D16A10058AED0 /* ApiException.swift */; };
		2D1F43DB254D16A10058AED0 /* ApiService.swift in Sources */ = {isa = PBXBuildFile; fileRef = 2D1F43D7254D16A10058AED0 /* ApiService.swift */; };
		2D1F43DC254D16A10058AED0 /* ListResponse.swift in Sources */ = {isa = PBXBuildFile; fileRef = 2D1F43D8254D16A10058AED0 /* ListResponse.swift */; };
		2D1F43DD254D16A10058AED0 /* ApiErrorBag.swift in Sources */ = {isa = PBXBuildFile; fileRef = 2D1F43D9254D16A10058AED0 /* ApiErrorBag.swift */; };
		2D1F43E7254D17250058AED0 /* Helpers.swift in Sources */ = {isa = PBXBuildFile; fileRef = 2D1F43E1254D17250058AED0 /* Helpers.swift */; };
		2D1F43E8254D17250058AED0 /* ApiServiceTests.swift in Sources */ = {isa = PBXBuildFile; fileRef = 2D1F43E3254D17250058AED0 /* ApiServiceTests.swift */; };
		2D1F440D254D1EAE0058AED0 /* HttpService.swift in Sources */ = {isa = PBXBuildFile; fileRef = 2D1F440C254D1EAE0058AED0 /* HttpService.swift */; };
		2D1F4416254D4ED80058AED0 /* UserService.swift in Sources */ = {isa = PBXBuildFile; fileRef = 2D1F4415254D4ED80058AED0 /* UserService.swift */; };
		2D1F4436254D4EF50058AED0 /* AuthLoginParams.swift in Sources */ = {isa = PBXBuildFile; fileRef = 2D1F4435254D4EF50058AED0 /* AuthLoginParams.swift */; };
		2D1F4446254D51A10058AED0 /* AuthService.swift in Sources */ = {isa = PBXBuildFile; fileRef = 2D1F4445254D51A10058AED0 /* AuthService.swift */; };
		2D1F444C254D51BE0058AED0 /* UserTokenInfo.swift in Sources */ = {isa = PBXBuildFile; fileRef = 2D1F444B254D51BE0058AED0 /* UserTokenInfo.swift */; };
		2D1F445A254D53160058AED0 /* AuthLogoutParams.swift in Sources */ = {isa = PBXBuildFile; fileRef = 2D1F4459254D53160058AED0 /* AuthLogoutParams.swift */; };
		2D1F4464254D536D0058AED0 /* AuthForgotPasswordParams.swift in Sources */ = {isa = PBXBuildFile; fileRef = 2D1F4463254D536D0058AED0 /* AuthForgotPasswordParams.swift */; };
		2D1F446C254D54090058AED0 /* AuthRefreshTokenParams.swift in Sources */ = {isa = PBXBuildFile; fileRef = 2D1F446B254D54090058AED0 /* AuthRefreshTokenParams.swift */; };
		2D1F44B3254D5FF50058AED0 /* AuthVMTests.swift in Sources */ = {isa = PBXBuildFile; fileRef = 2D1F44B2254D5FF50058AED0 /* AuthVMTests.swift */; };
		2D1F44D6254D6CA10058AED0 /* Auth.storyboard in Resources */ = {isa = PBXBuildFile; fileRef = 2D1F44D5254D6CA10058AED0 /* Auth.storyboard */; };
		2D1F44DE254D6CDF0058AED0 /* Assets.xcassets in Resources */ = {isa = PBXBuildFile; fileRef = 2D1F44DD254D6CDF0058AED0 /* Assets.xcassets */; };
		2D1F44E4254D6ECC0058AED0 /* TextField.swift in Sources */ = {isa = PBXBuildFile; fileRef = 2D1F44E3254D6ECC0058AED0 /* TextField.swift */; };
		2D1F44EA254D71C60058AED0 /* LoginController.swift in Sources */ = {isa = PBXBuildFile; fileRef = 2D1F44E9254D71C60058AED0 /* LoginController.swift */; };
		2D1F44F3254D72480058AED0 /* LoginVM.swift in Sources */ = {isa = PBXBuildFile; fileRef = 2D1F44F2254D72480058AED0 /* LoginVM.swift */; };
		2D1F44FB254D74BC0058AED0 /* Functions.swift in Sources */ = {isa = PBXBuildFile; fileRef = 2D1F44FA254D74BC0058AED0 /* Functions.swift */; };
		2D1F4501254D76FD0058AED0 /* LandingVM.swift in Sources */ = {isa = PBXBuildFile; fileRef = 2D1F4500254D76FD0058AED0 /* LandingVM.swift */; };
		2D1F450A254D777E0058AED0 /* LandingController.swift in Sources */ = {isa = PBXBuildFile; fileRef = 2D1F4509254D777E0058AED0 /* LandingController.swift */; };
		2D1F4580254D784F0058AED0 /* Promise.swift in Sources */ = {isa = PBXBuildFile; fileRef = 2D1F457F254D784F0058AED0 /* Promise.swift */; };
		2D1F458A254D83AE0058AED0 /* Localizable.strings in Resources */ = {isa = PBXBuildFile; fileRef = 2D1F458C254D83AE0058AED0 /* Localizable.strings */; };
		2D1F4591254D915C0058AED0 /* UIRegister.swift in Sources */ = {isa = PBXBuildFile; fileRef = 2D1F4590254D915B0058AED0 /* UIRegister.swift */; };
		2D1F45A0254D9C8C0058AED0 /* LoginVMTests.swift in Sources */ = {isa = PBXBuildFile; fileRef = 2D1F459F254D9C8C0058AED0 /* LoginVMTests.swift */; };
		2D1F45EB254DB5FB0058AED0 /* AuthForgotPasswordController.swift in Sources */ = {isa = PBXBuildFile; fileRef = 2D1F45EA254DB5FB0058AED0 /* AuthForgotPasswordController.swift */; };
		2D1F45F0254DB7FE0058AED0 /* AuthForgotPasswordVM.swift in Sources */ = {isa = PBXBuildFile; fileRef = 2D1F45EF254DB7FE0058AED0 /* AuthForgotPasswordVM.swift */; };
		2D1F45F5254DBA380058AED0 /* AuthForgotPasswordVMTests.swift in Sources */ = {isa = PBXBuildFile; fileRef = 2D1F45F4254DBA380058AED0 /* AuthForgotPasswordVMTests.swift */; };
		2D1F461C254DBC550058AED0 /* NotificationPopup.swift in Sources */ = {isa = PBXBuildFile; fileRef = 2D1F461A254DBC550058AED0 /* NotificationPopup.swift */; };
		2D1F461D254DBC550058AED0 /* NotificationPopup.xib in Resources */ = {isa = PBXBuildFile; fileRef = 2D1F461B254DBC550058AED0 /* NotificationPopup.xib */; };
		2D6CF9A3254EB8F40052BFB4 /* RefreshPopup.swift in Sources */ = {isa = PBXBuildFile; fileRef = 2D6CF9A1254EB8F40052BFB4 /* RefreshPopup.swift */; };
		2D6CF9A4254EB8F40052BFB4 /* RefreshPopup.xib in Resources */ = {isa = PBXBuildFile; fileRef = 2D6CF9A2254EB8F40052BFB4 /* RefreshPopup.xib */; };
		2DB97589254E5391001E6B97 /* Home.storyboard in Resources */ = {isa = PBXBuildFile; fileRef = 2DB97588254E5391001E6B97 /* Home.storyboard */; };
		2DF25ECA254E6228003DEE22 /* HomeCollectionViewCell.swift in Sources */ = {isa = PBXBuildFile; fileRef = 2DF25EC9254E6228003DEE22 /* HomeCollectionViewCell.swift */; };
		2DF25ED4254E62A6003DEE22 /* HomeController.swift in Sources */ = {isa = PBXBuildFile; fileRef = 2DF25ED3254E62A6003DEE22 /* HomeController.swift */; };
		2DF25EFE254E9FEB003DEE22 /* SurveyInfo.swift in Sources */ = {isa = PBXBuildFile; fileRef = 2DF25EFD254E9FEB003DEE22 /* SurveyInfo.swift */; };
		2DF25F07254EA073003DEE22 /* SurveyService.swift in Sources */ = {isa = PBXBuildFile; fileRef = 2DF25F06254EA073003DEE22 /* SurveyService.swift */; };
		2DF25F10254EA14A003DEE22 /* SurveyListParams.swift in Sources */ = {isa = PBXBuildFile; fileRef = 2DF25F0F254EA14A003DEE22 /* SurveyListParams.swift */; };
		2DF25F19254EA245003DEE22 /* HomeVM.swift in Sources */ = {isa = PBXBuildFile; fileRef = 2DF25F18254EA245003DEE22 /* HomeVM.swift */; };
		A5113E336CB2AA760EDC74F9 /* Pods_NimbleSurveyTests.framework in Frameworks */ = {isa = PBXBuildFile; fileRef = E3F231B9B8D09D57BBE09738 /* Pods_NimbleSurveyTests.framework */; };
		CD60915D1D2D537B2BC9BE4F /* NimbleSurveyMocks.generated.swift in Sources */ = {isa = PBXBuildFile; fileRef = 0C3206312DEDD0AAAB6AF68E /* NimbleSurveyMocks.generated.swift */; };
		D2E9BB40F7E7B956AD03E8C8 /* Pods_NimbleSurvey.framework in Frameworks */ = {isa = PBXBuildFile; fileRef = A0D329CBE0C89DC2B082A703 /* Pods_NimbleSurvey.framework */; };
		F48BABF348163C258EFAFC6B /* Pods_NimbleSurvey_NimbleSurveyUITests.framework in Frameworks */ = {isa = PBXBuildFile; fileRef = D78869C60F9FD24BC84439C9 /* Pods_NimbleSurvey_NimbleSurveyUITests.framework */; };
/* End PBXBuildFile section */

/* Begin PBXContainerItemProxy section */
		2D1F4339254D13900058AED0 /* PBXContainerItemProxy */ = {
			isa = PBXContainerItemProxy;
			containerPortal = 2D1F431A254D138E0058AED0 /* Project object */;
			proxyType = 1;
			remoteGlobalIDString = 2D1F4321254D138E0058AED0;
			remoteInfo = NimbleSurvey;
		};
		2D1F4344254D13900058AED0 /* PBXContainerItemProxy */ = {
			isa = PBXContainerItemProxy;
			containerPortal = 2D1F431A254D138E0058AED0 /* Project object */;
			proxyType = 1;
			remoteGlobalIDString = 2D1F4321254D138E0058AED0;
			remoteInfo = NimbleSurvey;
		};
/* End PBXContainerItemProxy section */

/* Begin PBXFileReference section */
		0C3206312DEDD0AAAB6AF68E /* NimbleSurveyMocks.generated.swift */ = {isa = PBXFileReference; explicitFileType = sourcecode.swift; name = NimbleSurveyMocks.generated.swift; path = MockingbirdMocks/NimbleSurveyMocks.generated.swift; sourceTree = "<group>"; };
		2C0140A313302ECE9139E0F9 /* Pods-NimbleSurvey.release.xcconfig */ = {isa = PBXFileReference; includeInIndex = 1; lastKnownFileType = text.xcconfig; name = "Pods-NimbleSurvey.release.xcconfig"; path = "Target Support Files/Pods-NimbleSurvey/Pods-NimbleSurvey.release.xcconfig"; sourceTree = "<group>"; };
		2D1F4322254D138E0058AED0 /* NimbleSurvey.app */ = {isa = PBXFileReference; explicitFileType = wrapper.application; includeInIndex = 0; path = NimbleSurvey.app; sourceTree = BUILT_PRODUCTS_DIR; };
		2D1F4325254D138E0058AED0 /* AppDelegate.swift */ = {isa = PBXFileReference; lastKnownFileType = sourcecode.swift; path = AppDelegate.swift; sourceTree = "<group>"; };
		2D1F4327254D138E0058AED0 /* SceneDelegate.swift */ = {isa = PBXFileReference; lastKnownFileType = sourcecode.swift; path = SceneDelegate.swift; sourceTree = "<group>"; };
		2D1F4329254D138E0058AED0 /* ViewController.swift */ = {isa = PBXFileReference; lastKnownFileType = sourcecode.swift; path = ViewController.swift; sourceTree = "<group>"; };
		2D1F4333254D138F0058AED0 /* Info.plist */ = {isa = PBXFileReference; lastKnownFileType = text.plist.xml; path = Info.plist; sourceTree = "<group>"; };
		2D1F4338254D13900058AED0 /* NimbleSurveyTests.xctest */ = {isa = PBXFileReference; explicitFileType = wrapper.cfbundle; includeInIndex = 0; path = NimbleSurveyTests.xctest; sourceTree = BUILT_PRODUCTS_DIR; };
		2D1F433C254D13900058AED0 /* NimbleSurveyTests.swift */ = {isa = PBXFileReference; lastKnownFileType = sourcecode.swift; path = NimbleSurveyTests.swift; sourceTree = "<group>"; };
		2D1F433E254D13900058AED0 /* Info.plist */ = {isa = PBXFileReference; lastKnownFileType = text.plist.xml; path = Info.plist; sourceTree = "<group>"; };
		2D1F4343254D13900058AED0 /* NimbleSurveyUITests.xctest */ = {isa = PBXFileReference; explicitFileType = wrapper.cfbundle; includeInIndex = 0; path = NimbleSurveyUITests.xctest; sourceTree = BUILT_PRODUCTS_DIR; };
		2D1F4347254D13900058AED0 /* NimbleSurveyUITests.swift */ = {isa = PBXFileReference; lastKnownFileType = sourcecode.swift; path = NimbleSurveyUITests.swift; sourceTree = "<group>"; };
		2D1F4349254D13900058AED0 /* Info.plist */ = {isa = PBXFileReference; lastKnownFileType = text.plist.xml; path = Info.plist; sourceTree = "<group>"; };
		2D1F4375254D13C50058AED0 /* Constant.swift */ = {isa = PBXFileReference; fileEncoding = 4; lastKnownFileType = sourcecode.swift; path = Constant.swift; sourceTree = "<group>"; };
		2D1F437B254D13D80058AED0 /* LocatorRegister.swift */ = {isa = PBXFileReference; fileEncoding = 4; lastKnownFileType = sourcecode.swift; path = LocatorRegister.swift; sourceTree = "<group>"; };
		2D1F437C254D13D80058AED0 /* ApiRegister.swift */ = {isa = PBXFileReference; fileEncoding = 4; lastKnownFileType = sourcecode.swift; path = ApiRegister.swift; sourceTree = "<group>"; };
		2D1F437D254D13D80058AED0 /* L10nRegister.swift */ = {isa = PBXFileReference; fileEncoding = 4; lastKnownFileType = sourcecode.swift; path = L10nRegister.swift; sourceTree = "<group>"; };
		2D1F4381254D13D80058AED0 /* Base */ = {isa = PBXFileReference; lastKnownFileType = file.storyboard; name = Base; path = Base.lproj/Landing.storyboard; sourceTree = "<group>"; };
		2D1F438D254D13D90058AED0 /* AuthVM.swift */ = {isa = PBXFileReference; fileEncoding = 4; lastKnownFileType = sourcecode.swift; path = AuthVM.swift; sourceTree = "<group>"; };
		2D1F438F254D13D90058AED0 /* UserInfo.swift */ = {isa = PBXFileReference; fileEncoding = 4; lastKnownFileType = sourcecode.swift; path = UserInfo.swift; sourceTree = "<group>"; };
		2D1F43CD254D159A0058AED0 /* LaunchScreen.storyboard */ = {isa = PBXFileReference; fileEncoding = 4; lastKnownFileType = file.storyboard; path = LaunchScreen.storyboard; sourceTree = "<group>"; };
		2D1F43D6254D16A10058AED0 /* ApiException.swift */ = {isa = PBXFileReference; fileEncoding = 4; lastKnownFileType = sourcecode.swift; path = ApiException.swift; sourceTree = "<group>"; };
		2D1F43D7254D16A10058AED0 /* ApiService.swift */ = {isa = PBXFileReference; fileEncoding = 4; lastKnownFileType = sourcecode.swift; path = ApiService.swift; sourceTree = "<group>"; };
		2D1F43D8254D16A10058AED0 /* ListResponse.swift */ = {isa = PBXFileReference; fileEncoding = 4; lastKnownFileType = sourcecode.swift; path = ListResponse.swift; sourceTree = "<group>"; };
		2D1F43D9254D16A10058AED0 /* ApiErrorBag.swift */ = {isa = PBXFileReference; fileEncoding = 4; lastKnownFileType = sourcecode.swift; path = ApiErrorBag.swift; sourceTree = "<group>"; };
		2D1F43E1254D17250058AED0 /* Helpers.swift */ = {isa = PBXFileReference; fileEncoding = 4; lastKnownFileType = sourcecode.swift; path = Helpers.swift; sourceTree = "<group>"; };
		2D1F43E3254D17250058AED0 /* ApiServiceTests.swift */ = {isa = PBXFileReference; fileEncoding = 4; lastKnownFileType = sourcecode.swift; path = ApiServiceTests.swift; sourceTree = "<group>"; };
		2D1F440C254D1EAE0058AED0 /* HttpService.swift */ = {isa = PBXFileReference; lastKnownFileType = sourcecode.swift; path = HttpService.swift; sourceTree = "<group>"; };
		2D1F4415254D4ED80058AED0 /* UserService.swift */ = {isa = PBXFileReference; lastKnownFileType = sourcecode.swift; path = UserService.swift; sourceTree = "<group>"; };
		2D1F4435254D4EF50058AED0 /* AuthLoginParams.swift */ = {isa = PBXFileReference; lastKnownFileType = sourcecode.swift; path = AuthLoginParams.swift; sourceTree = "<group>"; };
		2D1F4445254D51A10058AED0 /* AuthService.swift */ = {isa = PBXFileReference; lastKnownFileType = sourcecode.swift; path = AuthService.swift; sourceTree = "<group>"; };
		2D1F444B254D51BE0058AED0 /* UserTokenInfo.swift */ = {isa = PBXFileReference; lastKnownFileType = sourcecode.swift; path = UserTokenInfo.swift; sourceTree = "<group>"; };
		2D1F4459254D53160058AED0 /* AuthLogoutParams.swift */ = {isa = PBXFileReference; lastKnownFileType = sourcecode.swift; path = AuthLogoutParams.swift; sourceTree = "<group>"; };
		2D1F4463254D536D0058AED0 /* AuthForgotPasswordParams.swift */ = {isa = PBXFileReference; lastKnownFileType = sourcecode.swift; path = AuthForgotPasswordParams.swift; sourceTree = "<group>"; };
		2D1F446B254D54090058AED0 /* AuthRefreshTokenParams.swift */ = {isa = PBXFileReference; fileEncoding = 4; lastKnownFileType = sourcecode.swift; path = AuthRefreshTokenParams.swift; sourceTree = "<group>"; };
		2D1F44B2254D5FF50058AED0 /* AuthVMTests.swift */ = {isa = PBXFileReference; lastKnownFileType = sourcecode.swift; path = AuthVMTests.swift; sourceTree = "<group>"; };
		2D1F44D5254D6CA10058AED0 /* Auth.storyboard */ = {isa = PBXFileReference; lastKnownFileType = file.storyboard; path = Auth.storyboard; sourceTree = "<group>"; };
		2D1F44DD254D6CDF0058AED0 /* Assets.xcassets */ = {isa = PBXFileReference; lastKnownFileType = folder.assetcatalog; path = Assets.xcassets; sourceTree = "<group>"; };
		2D1F44E3254D6ECC0058AED0 /* TextField.swift */ = {isa = PBXFileReference; fileEncoding = 4; lastKnownFileType = sourcecode.swift; path = TextField.swift; sourceTree = "<group>"; };
		2D1F44E9254D71C60058AED0 /* LoginController.swift */ = {isa = PBXFileReference; lastKnownFileType = sourcecode.swift; path = LoginController.swift; sourceTree = "<group>"; };
		2D1F44F2254D72480058AED0 /* LoginVM.swift */ = {isa = PBXFileReference; lastKnownFileType = sourcecode.swift; path = LoginVM.swift; sourceTree = "<group>"; };
		2D1F44FA254D74BC0058AED0 /* Functions.swift */ = {isa = PBXFileReference; fileEncoding = 4; lastKnownFileType = sourcecode.swift; path = Functions.swift; sourceTree = "<group>"; };
		2D1F4500254D76FD0058AED0 /* LandingVM.swift */ = {isa = PBXFileReference; lastKnownFileType = sourcecode.swift; path = LandingVM.swift; sourceTree = "<group>"; };
		2D1F4509254D777E0058AED0 /* LandingController.swift */ = {isa = PBXFileReference; lastKnownFileType = sourcecode.swift; path = LandingController.swift; sourceTree = "<group>"; };
		2D1F457F254D784F0058AED0 /* Promise.swift */ = {isa = PBXFileReference; lastKnownFileType = sourcecode.swift; path = Promise.swift; sourceTree = "<group>"; };
		2D1F458B254D83AE0058AED0 /* en */ = {isa = PBXFileReference; lastKnownFileType = text.plist.strings; name = en; path = en.lproj/Localizable.strings; sourceTree = "<group>"; };
		2D1F4590254D915B0058AED0 /* UIRegister.swift */ = {isa = PBXFileReference; lastKnownFileType = sourcecode.swift; path = UIRegister.swift; sourceTree = "<group>"; };
		2D1F459F254D9C8C0058AED0 /* LoginVMTests.swift */ = {isa = PBXFileReference; lastKnownFileType = sourcecode.swift; path = LoginVMTests.swift; sourceTree = "<group>"; };
		2D1F45EA254DB5FB0058AED0 /* AuthForgotPasswordController.swift */ = {isa = PBXFileReference; lastKnownFileType = sourcecode.swift; path = AuthForgotPasswordController.swift; sourceTree = "<group>"; };
		2D1F45EF254DB7FE0058AED0 /* AuthForgotPasswordVM.swift */ = {isa = PBXFileReference; lastKnownFileType = sourcecode.swift; path = AuthForgotPasswordVM.swift; sourceTree = "<group>"; };
		2D1F45F4254DBA380058AED0 /* AuthForgotPasswordVMTests.swift */ = {isa = PBXFileReference; lastKnownFileType = sourcecode.swift; path = AuthForgotPasswordVMTests.swift; sourceTree = "<group>"; };
		2D1F461A254DBC550058AED0 /* NotificationPopup.swift */ = {isa = PBXFileReference; lastKnownFileType = sourcecode.swift; path = NotificationPopup.swift; sourceTree = "<group>"; };
		2D1F461B254DBC550058AED0 /* NotificationPopup.xib */ = {isa = PBXFileReference; lastKnownFileType = file.xib; path = NotificationPopup.xib; sourceTree = "<group>"; };
		2D6CF9A1254EB8F40052BFB4 /* RefreshPopup.swift */ = {isa = PBXFileReference; lastKnownFileType = sourcecode.swift; path = RefreshPopup.swift; sourceTree = "<group>"; };
		2D6CF9A2254EB8F40052BFB4 /* RefreshPopup.xib */ = {isa = PBXFileReference; lastKnownFileType = file.xib; path = RefreshPopup.xib; sourceTree = "<group>"; };
		2DB97588254E5391001E6B97 /* Home.storyboard */ = {isa = PBXFileReference; lastKnownFileType = file.storyboard; path = Home.storyboard; sourceTree = "<group>"; };
		2DF25EC9254E6228003DEE22 /* HomeCollectionViewCell.swift */ = {isa = PBXFileReference; lastKnownFileType = sourcecode.swift; path = HomeCollectionViewCell.swift; sourceTree = "<group>"; };
		2DF25ED3254E62A6003DEE22 /* HomeController.swift */ = {isa = PBXFileReference; lastKnownFileType = sourcecode.swift; path = HomeController.swift; sourceTree = "<group>"; };
		2DF25EFD254E9FEB003DEE22 /* SurveyInfo.swift */ = {isa = PBXFileReference; lastKnownFileType = sourcecode.swift; path = SurveyInfo.swift; sourceTree = "<group>"; };
		2DF25F06254EA073003DEE22 /* SurveyService.swift */ = {isa = PBXFileReference; lastKnownFileType = sourcecode.swift; path = SurveyService.swift; sourceTree = "<group>"; };
		2DF25F0F254EA14A003DEE22 /* SurveyListParams.swift */ = {isa = PBXFileReference; lastKnownFileType = sourcecode.swift; path = SurveyListParams.swift; sourceTree = "<group>"; };
		2DF25F18254EA245003DEE22 /* HomeVM.swift */ = {isa = PBXFileReference; lastKnownFileType = sourcecode.swift; path = HomeVM.swift; sourceTree = "<group>"; };
		494CA6B73E95B4463818A3B5 /* Pods-NimbleSurveyTests.debug.xcconfig */ = {isa = PBXFileReference; includeInIndex = 1; lastKnownFileType = text.xcconfig; name = "Pods-NimbleSurveyTests.debug.xcconfig"; path = "Target Support Files/Pods-NimbleSurveyTests/Pods-NimbleSurveyTests.debug.xcconfig"; sourceTree = "<group>"; };
		68B0219DA40BABDB0FB1A09A /* Pods-NimbleSurvey-NimbleSurveyUITests.debug.xcconfig */ = {isa = PBXFileReference; includeInIndex = 1; lastKnownFileType = text.xcconfig; name = "Pods-NimbleSurvey-NimbleSurveyUITests.debug.xcconfig"; path = "Target Support Files/Pods-NimbleSurvey-NimbleSurveyUITests/Pods-NimbleSurvey-NimbleSurveyUITests.debug.xcconfig"; sourceTree = "<group>"; };
		7C89179C5326C7BF4990EBE3 /* Pods-NimbleSurvey-NimbleSurveyUITests.release.xcconfig */ = {isa = PBXFileReference; includeInIndex = 1; lastKnownFileType = text.xcconfig; name = "Pods-NimbleSurvey-NimbleSurveyUITests.release.xcconfig"; path = "Target Support Files/Pods-NimbleSurvey-NimbleSurveyUITests/Pods-NimbleSurvey-NimbleSurveyUITests.release.xcconfig"; sourceTree = "<group>"; };
		A0D329CBE0C89DC2B082A703 /* Pods_NimbleSurvey.framework */ = {isa = PBXFileReference; explicitFileType = wrapper.framework; includeInIndex = 0; path = Pods_NimbleSurvey.framework; sourceTree = BUILT_PRODUCTS_DIR; };
		A207F87CEF0AF1BD86E7424F /* Pods-NimbleSurvey.debug.xcconfig */ = {isa = PBXFileReference; includeInIndex = 1; lastKnownFileType = text.xcconfig; name = "Pods-NimbleSurvey.debug.xcconfig"; path = "Target Support Files/Pods-NimbleSurvey/Pods-NimbleSurvey.debug.xcconfig"; sourceTree = "<group>"; };
		AFBA745B0EB6E53EB6E9E816 /* Pods-NimbleSurveyTests.release.xcconfig */ = {isa = PBXFileReference; includeInIndex = 1; lastKnownFileType = text.xcconfig; name = "Pods-NimbleSurveyTests.release.xcconfig"; path = "Target Support Files/Pods-NimbleSurveyTests/Pods-NimbleSurveyTests.release.xcconfig"; sourceTree = "<group>"; };
		D78869C60F9FD24BC84439C9 /* Pods_NimbleSurvey_NimbleSurveyUITests.framework */ = {isa = PBXFileReference; explicitFileType = wrapper.framework; includeInIndex = 0; path = Pods_NimbleSurvey_NimbleSurveyUITests.framework; sourceTree = BUILT_PRODUCTS_DIR; };
		E3F231B9B8D09D57BBE09738 /* Pods_NimbleSurveyTests.framework */ = {isa = PBXFileReference; explicitFileType = wrapper.framework; includeInIndex = 0; path = Pods_NimbleSurveyTests.framework; sourceTree = BUILT_PRODUCTS_DIR; };
/* End PBXFileReference section */

/* Begin PBXFrameworksBuildPhase section */
		2D1F431F254D138E0058AED0 /* Frameworks */ = {
			isa = PBXFrameworksBuildPhase;
			buildActionMask = 2147483647;
			files = (
				D2E9BB40F7E7B956AD03E8C8 /* Pods_NimbleSurvey.framework in Frameworks */,
			);
			runOnlyForDeploymentPostprocessing = 0;
		};
		2D1F4335254D13900058AED0 /* Frameworks */ = {
			isa = PBXFrameworksBuildPhase;
			buildActionMask = 2147483647;
			files = (
				A5113E336CB2AA760EDC74F9 /* Pods_NimbleSurveyTests.framework in Frameworks */,
			);
			runOnlyForDeploymentPostprocessing = 0;
		};
		2D1F4340254D13900058AED0 /* Frameworks */ = {
			isa = PBXFrameworksBuildPhase;
			buildActionMask = 2147483647;
			files = (
				F48BABF348163C258EFAFC6B /* Pods_NimbleSurvey_NimbleSurveyUITests.framework in Frameworks */,
			);
			runOnlyForDeploymentPostprocessing = 0;
		};
/* End PBXFrameworksBuildPhase section */

/* Begin PBXGroup section */
		03886C25BAF7AA13FD80FCB9 /* Generated Mocks */ = {
			isa = PBXGroup;
			children = (
				0C3206312DEDD0AAAB6AF68E /* NimbleSurveyMocks.generated.swift */,
			);
			name = "Generated Mocks";
			sourceTree = "<group>";
		};
		2D1F4319254D138E0058AED0 = {
			isa = PBXGroup;
			children = (
				2D1F4324254D138E0058AED0 /* NimbleSurvey */,
				2D1F433B254D13900058AED0 /* NimbleSurveyTests */,
				2D1F4346254D13900058AED0 /* NimbleSurveyUITests */,
				2D1F4323254D138E0058AED0 /* Products */,
				8FC12E9BE4ECF378AA6C7079 /* Pods */,
				D5DCDD9F77370EE502F6652D /* Frameworks */,
				03886C25BAF7AA13FD80FCB9 /* Generated Mocks */,
			);
			sourceTree = "<group>";
		};
		2D1F4323254D138E0058AED0 /* Products */ = {
			isa = PBXGroup;
			children = (
				2D1F4322254D138E0058AED0 /* NimbleSurvey.app */,
				2D1F4338254D13900058AED0 /* NimbleSurveyTests.xctest */,
				2D1F4343254D13900058AED0 /* NimbleSurveyUITests.xctest */,
			);
			name = Products;
			sourceTree = "<group>";
		};
		2D1F4324254D138E0058AED0 /* NimbleSurvey */ = {
			isa = PBXGroup;
			children = (
				2D1F439C254D13F60058AED0 /* Core */,
				2D1F438E254D13D90058AED0 /* Models */,
				2D1F438A254D13D90058AED0 /* Params */,
				2D1F437A254D13D80058AED0 /* Registers */,
				2D1F4382254D13D90058AED0 /* Services */,
				2D1F438B254D13D90058AED0 /* ViewModels */,
				2D1F439D254D140A0058AED0 /* Controllers */,
				2D1F439B254D13E00058AED0 /* Components */,
				2D1F4619254DBC390058AED0 /* Popups */,
				2D1F437E254D13D80058AED0 /* Screens */,
				2D1F4325254D138E0058AED0 /* AppDelegate.swift */,
				2D1F4327254D138E0058AED0 /* SceneDelegate.swift */,
				2D1F43CD254D159A0058AED0 /* LaunchScreen.storyboard */,
				2D1F458C254D83AE0058AED0 /* Localizable.strings */,
				2D1F44FA254D74BC0058AED0 /* Functions.swift */,
				2D1F4375254D13C50058AED0 /* Constant.swift */,
				2D1F44DD254D6CDF0058AED0 /* Assets.xcassets */,
				2D1F4333254D138F0058AED0 /* Info.plist */,
			);
			path = NimbleSurvey;
			sourceTree = "<group>";
		};
		2D1F433B254D13900058AED0 /* NimbleSurveyTests */ = {
			isa = PBXGroup;
			children = (
				2D1F44B0254D5FDD0058AED0 /* ViewModels */,
				2D1F43E2254D17250058AED0 /* Services */,
				2D1F43E4254D17250058AED0 /* Support */,
				2D1F43E1254D17250058AED0 /* Helpers.swift */,
				2D1F433C254D13900058AED0 /* NimbleSurveyTests.swift */,
				2D1F433E254D13900058AED0 /* Info.plist */,
			);
			path = NimbleSurveyTests;
			sourceTree = "<group>";
		};
		2D1F4346254D13900058AED0 /* NimbleSurveyUITests */ = {
			isa = PBXGroup;
			children = (
				2D1F4347254D13900058AED0 /* NimbleSurveyUITests.swift */,
				2D1F4349254D13900058AED0 /* Info.plist */,
			);
			path = NimbleSurveyUITests;
			sourceTree = "<group>";
		};
		2D1F437A254D13D80058AED0 /* Registers */ = {
			isa = PBXGroup;
			children = (
				2D1F437B254D13D80058AED0 /* LocatorRegister.swift */,
				2D1F437C254D13D80058AED0 /* ApiRegister.swift */,
				2D1F437D254D13D80058AED0 /* L10nRegister.swift */,
				2D1F4590254D915B0058AED0 /* UIRegister.swift */,
			);
			path = Registers;
			sourceTree = "<group>";
		};
		2D1F437E254D13D80058AED0 /* Screens */ = {
			isa = PBXGroup;
			children = (
				2D1F437F254D13D80058AED0 /* Landing */,
				2D1F44D4254D6C8D0058AED0 /* Auth */,
				2DB97587254E5382001E6B97 /* Home */,
			);
			path = Screens;
			sourceTree = "<group>";
		};
		2D1F437F254D13D80058AED0 /* Landing */ = {
			isa = PBXGroup;
			children = (
				2D1F4380254D13D80058AED0 /* Landing.storyboard */,
			);
			path = Landing;
			sourceTree = "<group>";
		};
		2D1F4382254D13D90058AED0 /* Services */ = {
			isa = PBXGroup;
			children = (
				2DF25F05254EA05D003DEE22 /* Survey */,
				2D1F4444254D51550058AED0 /* Auth */,
				2D1F4414254D4EC50058AED0 /* User */,
				2D1F440B254D1E9B0058AED0 /* Http */,
				2D1F43D5254D16A10058AED0 /* Api */,
			);
			path = Services;
			sourceTree = "<group>";
		};
		2D1F438A254D13D90058AED0 /* Params */ = {
			isa = PBXGroup;
			children = (
				2DF25F0E254EA138003DEE22 /* Survey */,
				2D1F4434254D4EE50058AED0 /* Auth */,
			);
			path = Params;
			sourceTree = "<group>";
		};
		2D1F438B254D13D90058AED0 /* ViewModels */ = {
			isa = PBXGroup;
			children = (
				2DF25F17254EA239003DEE22 /* Home */,
				2D1F44FF254D76ED0058AED0 /* Landing */,
				2D1F44F1254D723D0058AED0 /* Auth */,
				2D1F438C254D13D90058AED0 /* Global */,
			);
			path = ViewModels;
			sourceTree = "<group>";
		};
		2D1F438C254D13D90058AED0 /* Global */ = {
			isa = PBXGroup;
			children = (
				2D1F438D254D13D90058AED0 /* AuthVM.swift */,
			);
			path = Global;
			sourceTree = "<group>";
		};
		2D1F438E254D13D90058AED0 /* Models */ = {
			isa = PBXGroup;
			children = (
				2DF25EFC254E9FD4003DEE22 /* Survey */,
				2D1F444A254D51AB0058AED0 /* User */,
			);
			path = Models;
			sourceTree = "<group>";
		};
		2D1F439B254D13E00058AED0 /* Components */ = {
			isa = PBXGroup;
			children = (
				2D1F44E2254D6EC00058AED0 /* TextField */,
			);
			path = Components;
			sourceTree = "<group>";
		};
		2D1F439C254D13F60058AED0 /* Core */ = {
			isa = PBXGroup;
			children = (
				2D1F457E254D783D0058AED0 /* Extensions */,
			);
			path = Core;
			sourceTree = "<group>";
		};
		2D1F439D254D140A0058AED0 /* Controllers */ = {
			isa = PBXGroup;
			children = (
				2D1F4508254D776F0058AED0 /* Landing */,
				2D1F44E8254D71A20058AED0 /* Auth */,
				2DF25ED2254E629A003DEE22 /* Home */,
				2D1F4329254D138E0058AED0 /* ViewController.swift */,
			);
			path = Controllers;
			sourceTree = "<group>";
		};
		2D1F43D5254D16A10058AED0 /* Api */ = {
			isa = PBXGroup;
			children = (
				2D1F43D6254D16A10058AED0 /* ApiException.swift */,
				2D1F43D7254D16A10058AED0 /* ApiService.swift */,
				2D1F43D8254D16A10058AED0 /* ListResponse.swift */,
				2D1F43D9254D16A10058AED0 /* ApiErrorBag.swift */,
			);
			path = Api;
			sourceTree = "<group>";
		};
		2D1F43E2254D17250058AED0 /* Services */ = {
			isa = PBXGroup;
			children = (
				2D1F43E3254D17250058AED0 /* ApiServiceTests.swift */,
			);
			path = Services;
			sourceTree = "<group>";
		};
		2D1F43E4254D17250058AED0 /* Support */ = {
			isa = PBXGroup;
			children = (
				2D1F44BA254D60750058AED0 /* Mocks */,
				2D1F43E5254D17250058AED0 /* Fakes */,
				2D1F43E6254D17250058AED0 /* Fixtures */,
			);
			path = Support;
			sourceTree = "<group>";
		};
		2D1F43E5254D17250058AED0 /* Fakes */ = {
			isa = PBXGroup;
			children = (
			);
			path = Fakes;
			sourceTree = "<group>";
		};
		2D1F43E6254D17250058AED0 /* Fixtures */ = {
			isa = PBXGroup;
			children = (
			);
			path = Fixtures;
			sourceTree = "<group>";
		};
		2D1F440B254D1E9B0058AED0 /* Http */ = {
			isa = PBXGroup;
			children = (
				2D1F440C254D1EAE0058AED0 /* HttpService.swift */,
			);
			path = Http;
			sourceTree = "<group>";
		};
		2D1F4414254D4EC50058AED0 /* User */ = {
			isa = PBXGroup;
			children = (
				2D1F4415254D4ED80058AED0 /* UserService.swift */,
			);
			path = User;
			sourceTree = "<group>";
		};
		2D1F4434254D4EE50058AED0 /* Auth */ = {
			isa = PBXGroup;
			children = (
				2D1F4435254D4EF50058AED0 /* AuthLoginParams.swift */,
				2D1F4459254D53160058AED0 /* AuthLogoutParams.swift */,
				2D1F4463254D536D0058AED0 /* AuthForgotPasswordParams.swift */,
				2D1F446B254D54090058AED0 /* AuthRefreshTokenParams.swift */,
			);
			path = Auth;
			sourceTree = "<group>";
		};
		2D1F4444254D51550058AED0 /* Auth */ = {
			isa = PBXGroup;
			children = (
				2D1F4445254D51A10058AED0 /* AuthService.swift */,
			);
			path = Auth;
			sourceTree = "<group>";
		};
		2D1F444A254D51AB0058AED0 /* User */ = {
			isa = PBXGroup;
			children = (
				2D1F438F254D13D90058AED0 /* UserInfo.swift */,
				2D1F444B254D51BE0058AED0 /* UserTokenInfo.swift */,
			);
			path = User;
			sourceTree = "<group>";
		};
		2D1F44B0254D5FDD0058AED0 /* ViewModels */ = {
			isa = PBXGroup;
			children = (
				2D1F459E254D9C7C0058AED0 /* Auth */,
				2D1F44B1254D5FE30058AED0 /* Global */,
			);
			path = ViewModels;
			sourceTree = "<group>";
		};
		2D1F44B1254D5FE30058AED0 /* Global */ = {
			isa = PBXGroup;
			children = (
				2D1F44B2254D5FF50058AED0 /* AuthVMTests.swift */,
			);
			path = Global;
			sourceTree = "<group>";
		};
		2D1F44BA254D60750058AED0 /* Mocks */ = {
			isa = PBXGroup;
			children = (
			);
			path = Mocks;
			sourceTree = "<group>";
		};
		2D1F44D4254D6C8D0058AED0 /* Auth */ = {
			isa = PBXGroup;
			children = (
				2D1F44D5254D6CA10058AED0 /* Auth.storyboard */,
			);
			path = Auth;
			sourceTree = "<group>";
		};
		2D1F44E2254D6EC00058AED0 /* TextField */ = {
			isa = PBXGroup;
			children = (
				2D1F44E3254D6ECC0058AED0 /* TextField.swift */,
			);
			path = TextField;
			sourceTree = "<group>";
		};
		2D1F44E8254D71A20058AED0 /* Auth */ = {
			isa = PBXGroup;
			children = (
				2D1F44E9254D71C60058AED0 /* LoginController.swift */,
				2D1F45EA254DB5FB0058AED0 /* AuthForgotPasswordController.swift */,
			);
			path = Auth;
			sourceTree = "<group>";
		};
		2D1F44F1254D723D0058AED0 /* Auth */ = {
			isa = PBXGroup;
			children = (
				2D1F44F2254D72480058AED0 /* LoginVM.swift */,
				2D1F45EF254DB7FE0058AED0 /* AuthForgotPasswordVM.swift */,
			);
			path = Auth;
			sourceTree = "<group>";
		};
		2D1F44FF254D76ED0058AED0 /* Landing */ = {
			isa = PBXGroup;
			children = (
				2D1F4500254D76FD0058AED0 /* LandingVM.swift */,
			);
			path = Landing;
			sourceTree = "<group>";
		};
		2D1F4508254D776F0058AED0 /* Landing */ = {
			isa = PBXGroup;
			children = (
				2D1F4509254D777E0058AED0 /* LandingController.swift */,
			);
			path = Landing;
			sourceTree = "<group>";
		};
		2D1F457E254D783D0058AED0 /* Extensions */ = {
			isa = PBXGroup;
			children = (
				2D1F457F254D784F0058AED0 /* Promise.swift */,
			);
			path = Extensions;
			sourceTree = "<group>";
		};
		2D1F459E254D9C7C0058AED0 /* Auth */ = {
			isa = PBXGroup;
			children = (
				2D1F459F254D9C8C0058AED0 /* LoginVMTests.swift */,
				2D1F45F4254DBA380058AED0 /* AuthForgotPasswordVMTests.swift */,
			);
			path = Auth;
			sourceTree = "<group>";
		};
		2D1F4619254DBC390058AED0 /* Popups */ = {
			isa = PBXGroup;
			children = (
				2D6CF9A0254EB8D90052BFB4 /* Refresh */,
				2D1F4624254DBC5B0058AED0 /* Notification */,
			);
			path = Popups;
			sourceTree = "<group>";
		};
		2D1F4624254DBC5B0058AED0 /* Notification */ = {
			isa = PBXGroup;
			children = (
				2D1F461A254DBC550058AED0 /* NotificationPopup.swift */,
				2D1F461B254DBC550058AED0 /* NotificationPopup.xib */,
			);
			path = Notification;
			sourceTree = "<group>";
		};
		2D6CF9A0254EB8D90052BFB4 /* Refresh */ = {
			isa = PBXGroup;
			children = (
				2D6CF9A1254EB8F40052BFB4 /* RefreshPopup.swift */,
				2D6CF9A2254EB8F40052BFB4 /* RefreshPopup.xib */,
			);
			path = Refresh;
			sourceTree = "<group>";
		};
		2DB97587254E5382001E6B97 /* Home */ = {
			isa = PBXGroup;
			children = (
				2DF25EC8254E620F003DEE22 /* Components */,
				2DB97588254E5391001E6B97 /* Home.storyboard */,
			);
			path = Home;
			sourceTree = "<group>";
		};
		2DF25EC8254E620F003DEE22 /* Components */ = {
			isa = PBXGroup;
			children = (
				2DF25ED1254E622D003DEE22 /* HomeCell */,
			);
			path = Components;
			sourceTree = "<group>";
		};
		2DF25ED1254E622D003DEE22 /* HomeCell */ = {
			isa = PBXGroup;
			children = (
				2DF25EC9254E6228003DEE22 /* HomeCollectionViewCell.swift */,
			);
			path = HomeCell;
			sourceTree = "<group>";
		};
		2DF25ED2254E629A003DEE22 /* Home */ = {
			isa = PBXGroup;
			children = (
				2DF25ED3254E62A6003DEE22 /* HomeController.swift */,
			);
			path = Home;
			sourceTree = "<group>";
		};
		2DF25EFC254E9FD4003DEE22 /* Survey */ = {
			isa = PBXGroup;
			children = (
				2DF25EFD254E9FEB003DEE22 /* SurveyInfo.swift */,
			);
			path = Survey;
			sourceTree = "<group>";
		};
		2DF25F05254EA05D003DEE22 /* Survey */ = {
			isa = PBXGroup;
			children = (
				2DF25F06254EA073003DEE22 /* SurveyService.swift */,
			);
			path = Survey;
			sourceTree = "<group>";
		};
		2DF25F0E254EA138003DEE22 /* Survey */ = {
			isa = PBXGroup;
			children = (
				2DF25F0F254EA14A003DEE22 /* SurveyListParams.swift */,
			);
			path = Survey;
			sourceTree = "<group>";
		};
		2DF25F17254EA239003DEE22 /* Home */ = {
			isa = PBXGroup;
			children = (
				2DF25F18254EA245003DEE22 /* HomeVM.swift */,
			);
			path = Home;
			sourceTree = "<group>";
		};
		8FC12E9BE4ECF378AA6C7079 /* Pods */ = {
			isa = PBXGroup;
			children = (
				A207F87CEF0AF1BD86E7424F /* Pods-NimbleSurvey.debug.xcconfig */,
				2C0140A313302ECE9139E0F9 /* Pods-NimbleSurvey.release.xcconfig */,
				68B0219DA40BABDB0FB1A09A /* Pods-NimbleSurvey-NimbleSurveyUITests.debug.xcconfig */,
				7C89179C5326C7BF4990EBE3 /* Pods-NimbleSurvey-NimbleSurveyUITests.release.xcconfig */,
				494CA6B73E95B4463818A3B5 /* Pods-NimbleSurveyTests.debug.xcconfig */,
				AFBA745B0EB6E53EB6E9E816 /* Pods-NimbleSurveyTests.release.xcconfig */,
			);
			path = Pods;
			sourceTree = "<group>";
		};
		D5DCDD9F77370EE502F6652D /* Frameworks */ = {
			isa = PBXGroup;
			children = (
				A0D329CBE0C89DC2B082A703 /* Pods_NimbleSurvey.framework */,
				D78869C60F9FD24BC84439C9 /* Pods_NimbleSurvey_NimbleSurveyUITests.framework */,
				E3F231B9B8D09D57BBE09738 /* Pods_NimbleSurveyTests.framework */,
			);
			name = Frameworks;
			sourceTree = "<group>";
		};
/* End PBXGroup section */

/* Begin PBXNativeTarget section */
		2D1F4321254D138E0058AED0 /* NimbleSurvey */ = {
			isa = PBXNativeTarget;
			buildConfigurationList = 2D1F434C254D13900058AED0 /* Build configuration list for PBXNativeTarget "NimbleSurvey" */;
			buildPhases = (
				D624A29D5DB2F315B6C7D2E8 /* [CP] Check Pods Manifest.lock */,
				2D1F431E254D138E0058AED0 /* Sources */,
				2D1F431F254D138E0058AED0 /* Frameworks */,
				2D1F4320254D138E0058AED0 /* Resources */,
				F994BC4187668FC8EFBB82A9 /* [CP] Embed Pods Frameworks */,
			);
			buildRules = (
			);
			dependencies = (
			);
			name = NimbleSurvey;
			productName = NimbleSurvey;
			productReference = 2D1F4322254D138E0058AED0 /* NimbleSurvey.app */;
			productType = "com.apple.product-type.application";
		};
		2D1F4337254D13900058AED0 /* NimbleSurveyTests */ = {
			isa = PBXNativeTarget;
			buildConfigurationList = 2D1F434F254D13900058AED0 /* Build configuration list for PBXNativeTarget "NimbleSurveyTests" */;
			buildPhases = (
				CC440CAB6BBF940A2F13C409 /* [CP] Check Pods Manifest.lock */,
				8CD48957C4A0E610EAE0CFFF /* Clean Mockingbird Mocks */,
				4E5D7F8970E6D82902D8C199 /* Generate Mockingbird Mocks */,
				2D1F4334254D13900058AED0 /* Sources */,
				2D1F4335254D13900058AED0 /* Frameworks */,
				2D1F4336254D13900058AED0 /* Resources */,
				797EAF4408AB4FECB480D67F /* [CP] Embed Pods Frameworks */,
			);
			buildRules = (
			);
			dependencies = (
				2D1F433A254D13900058AED0 /* PBXTargetDependency */,
			);
			name = NimbleSurveyTests;
			productName = NimbleSurveyTests;
			productReference = 2D1F4338254D13900058AED0 /* NimbleSurveyTests.xctest */;
			productType = "com.apple.product-type.bundle.unit-test";
		};
		2D1F4342254D13900058AED0 /* NimbleSurveyUITests */ = {
			isa = PBXNativeTarget;
			buildConfigurationList = 2D1F4352254D13900058AED0 /* Build configuration list for PBXNativeTarget "NimbleSurveyUITests" */;
			buildPhases = (
				38C9A70ED68D4FA1912B3AE8 /* [CP] Check Pods Manifest.lock */,
				2D1F433F254D13900058AED0 /* Sources */,
				2D1F4340254D13900058AED0 /* Frameworks */,
				2D1F4341254D13900058AED0 /* Resources */,
				C59097896B48D56F12DCCB0A /* [CP] Embed Pods Frameworks */,
			);
			buildRules = (
			);
			dependencies = (
				2D1F4345254D13900058AED0 /* PBXTargetDependency */,
			);
			name = NimbleSurveyUITests;
			productName = NimbleSurveyUITests;
			productReference = 2D1F4343254D13900058AED0 /* NimbleSurveyUITests.xctest */;
			productType = "com.apple.product-type.bundle.ui-testing";
		};
/* End PBXNativeTarget section */

/* Begin PBXProject section */
		2D1F431A254D138E0058AED0 /* Project object */ = {
			isa = PBXProject;
			attributes = {
				LastSwiftUpdateCheck = 1200;
				LastUpgradeCheck = 1200;
				TargetAttributes = {
					2D1F4321254D138E0058AED0 = {
						CreatedOnToolsVersion = 12.0;
					};
					2D1F4337254D13900058AED0 = {
						CreatedOnToolsVersion = 12.0;
						TestTargetID = 2D1F4321254D138E0058AED0;
					};
					2D1F4342254D13900058AED0 = {
						CreatedOnToolsVersion = 12.0;
						TestTargetID = 2D1F4321254D138E0058AED0;
					};
				};
			};
			buildConfigurationList = 2D1F431D254D138E0058AED0 /* Build configuration list for PBXProject "NimbleSurvey" */;
			compatibilityVersion = "Xcode 9.3";
			developmentRegion = en;
			hasScannedForEncodings = 0;
			knownRegions = (
				en,
				Base,
			);
			mainGroup = 2D1F4319254D138E0058AED0;
			productRefGroup = 2D1F4323254D138E0058AED0 /* Products */;
			projectDirPath = "";
			projectRoot = "";
			targets = (
				2D1F4321254D138E0058AED0 /* NimbleSurvey */,
				2D1F4337254D13900058AED0 /* NimbleSurveyTests */,
				2D1F4342254D13900058AED0 /* NimbleSurveyUITests */,
			);
		};
/* End PBXProject section */

/* Begin PBXResourcesBuildPhase section */
		2D1F4320254D138E0058AED0 /* Resources */ = {
			isa = PBXResourcesBuildPhase;
			buildActionMask = 2147483647;
			files = (
				2DB97589254E5391001E6B97 /* Home.storyboard in Resources */,
				2D1F43CE254D159A0058AED0 /* LaunchScreen.storyboard in Resources */,
				2D1F461D254DBC550058AED0 /* NotificationPopup.xib in Resources */,
				2D1F458A254D83AE0058AED0 /* Localizable.strings in Resources */,
				2D6CF9A4254EB8F40052BFB4 /* RefreshPopup.xib in Resources */,
				2D1F44D6254D6CA10058AED0 /* Auth.storyboard in Resources */,
				2D1F4393254D13D90058AED0 /* Landing.storyboard in Resources */,
				2D1F44DE254D6CDF0058AED0 /* Assets.xcassets in Resources */,
			);
			runOnlyForDeploymentPostprocessing = 0;
		};
		2D1F4336254D13900058AED0 /* Resources */ = {
			isa = PBXResourcesBuildPhase;
			buildActionMask = 2147483647;
			files = (
			);
			runOnlyForDeploymentPostprocessing = 0;
		};
		2D1F4341254D13900058AED0 /* Resources */ = {
			isa = PBXResourcesBuildPhase;
			buildActionMask = 2147483647;
			files = (
			);
			runOnlyForDeploymentPostprocessing = 0;
		};
/* End PBXResourcesBuildPhase section */

/* Begin PBXShellScriptBuildPhase section */
		38C9A70ED68D4FA1912B3AE8 /* [CP] Check Pods Manifest.lock */ = {
			isa = PBXShellScriptBuildPhase;
			buildActionMask = 2147483647;
			files = (
			);
			inputFileListPaths = (
			);
			inputPaths = (
				"${PODS_PODFILE_DIR_PATH}/Podfile.lock",
				"${PODS_ROOT}/Manifest.lock",
			);
			name = "[CP] Check Pods Manifest.lock";
			outputFileListPaths = (
			);
			outputPaths = (
				"$(DERIVED_FILE_DIR)/Pods-NimbleSurvey-NimbleSurveyUITests-checkManifestLockResult.txt",
			);
			runOnlyForDeploymentPostprocessing = 0;
			shellPath = /bin/sh;
			shellScript = "diff \"${PODS_PODFILE_DIR_PATH}/Podfile.lock\" \"${PODS_ROOT}/Manifest.lock\" > /dev/null\nif [ $? != 0 ] ; then\n    # print error to STDERR\n    echo \"error: The sandbox is not in sync with the Podfile.lock. Run 'pod install' or update your CocoaPods installation.\" >&2\n    exit 1\nfi\n# This output is used by Xcode 'outputs' to avoid re-running this script phase.\necho \"SUCCESS\" > \"${SCRIPT_OUTPUT_FILE_0}\"\n";
			showEnvVarsInLog = 0;
		};
		4E5D7F8970E6D82902D8C199 /* Generate Mockingbird Mocks */ = {
			isa = PBXShellScriptBuildPhase;
			buildActionMask = 2147483647;
			files = (
			);
			inputPaths = (
				"/tmp/Mockingbird-20C2E84D-2480-4C52-A180-65DE054916D0",
			);
			name = "Generate Mockingbird Mocks";
			outputPaths = (
				/Users/markg/Documents/Freelancer/NimbleSurvey/MockingbirdMocks/NimbleSurveyMocks.generated.swift,
			);
			runOnlyForDeploymentPostprocessing = 0;
			shellPath = /bin/sh;
			shellScript = "mockingbird generate \\\n  --targets 'NimbleSurvey' \\\n  --outputs '/Users/markg/Documents/Freelancer/NimbleSurvey/MockingbirdMocks/NimbleSurveyMocks.generated.swift' \\\n  --support '/Users/markg/Documents/Freelancer/NimbleSurvey/MockingbirdSupport' \\\n  --only-protocols\n\n# Ensure mocks are generated prior to running Compile Sources\nrm -f '/tmp/Mockingbird-20C2E84D-2480-4C52-A180-65DE054916D0'\n";
		};
		797EAF4408AB4FECB480D67F /* [CP] Embed Pods Frameworks */ = {
			isa = PBXShellScriptBuildPhase;
			buildActionMask = 2147483647;
			files = (
			);
			inputFileListPaths = (
				"${PODS_ROOT}/Target Support Files/Pods-NimbleSurveyTests/Pods-NimbleSurveyTests-frameworks-${CONFIGURATION}-input-files.xcfilelist",
			);
			name = "[CP] Embed Pods Frameworks";
			outputFileListPaths = (
				"${PODS_ROOT}/Target Support Files/Pods-NimbleSurveyTests/Pods-NimbleSurveyTests-frameworks-${CONFIGURATION}-output-files.xcfilelist",
			);
			runOnlyForDeploymentPostprocessing = 0;
			shellPath = /bin/sh;
			shellScript = "\"${PODS_ROOT}/Target Support Files/Pods-NimbleSurveyTests/Pods-NimbleSurveyTests-frameworks.sh\"\n";
			showEnvVarsInLog = 0;
		};
		8CD48957C4A0E610EAE0CFFF /* Clean Mockingbird Mocks */ = {
			isa = PBXShellScriptBuildPhase;
			buildActionMask = 2147483647;
			files = (
			);
			inputPaths = (
			);
			name = "Clean Mockingbird Mocks";
			outputPaths = (
				"/tmp/Mockingbird-20C2E84D-2480-4C52-A180-65DE054916D0",
			);
			runOnlyForDeploymentPostprocessing = 0;
			shellPath = /bin/sh;
			shellScript = "echo $RANDOM > '/tmp/Mockingbird-20C2E84D-2480-4C52-A180-65DE054916D0'\n";
		};
		C59097896B48D56F12DCCB0A /* [CP] Embed Pods Frameworks */ = {
			isa = PBXShellScriptBuildPhase;
			buildActionMask = 2147483647;
			files = (
			);
			inputFileListPaths = (
				"${PODS_ROOT}/Target Support Files/Pods-NimbleSurvey-NimbleSurveyUITests/Pods-NimbleSurvey-NimbleSurveyUITests-frameworks-${CONFIGURATION}-input-files.xcfilelist",
			);
			name = "[CP] Embed Pods Frameworks";
			outputFileListPaths = (
				"${PODS_ROOT}/Target Support Files/Pods-NimbleSurvey-NimbleSurveyUITests/Pods-NimbleSurvey-NimbleSurveyUITests-frameworks-${CONFIGURATION}-output-files.xcfilelist",
			);
			runOnlyForDeploymentPostprocessing = 0;
			shellPath = /bin/sh;
			shellScript = "\"${PODS_ROOT}/Target Support Files/Pods-NimbleSurvey-NimbleSurveyUITests/Pods-NimbleSurvey-NimbleSurveyUITests-frameworks.sh\"\n";
			showEnvVarsInLog = 0;
		};
		CC440CAB6BBF940A2F13C409 /* [CP] Check Pods Manifest.lock */ = {
			isa = PBXShellScriptBuildPhase;
			buildActionMask = 2147483647;
			files = (
			);
			inputFileListPaths = (
			);
			inputPaths = (
				"${PODS_PODFILE_DIR_PATH}/Podfile.lock",
				"${PODS_ROOT}/Manifest.lock",
			);
			name = "[CP] Check Pods Manifest.lock";
			outputFileListPaths = (
			);
			outputPaths = (
				"$(DERIVED_FILE_DIR)/Pods-NimbleSurveyTests-checkManifestLockResult.txt",
			);
			runOnlyForDeploymentPostprocessing = 0;
			shellPath = /bin/sh;
			shellScript = "diff \"${PODS_PODFILE_DIR_PATH}/Podfile.lock\" \"${PODS_ROOT}/Manifest.lock\" > /dev/null\nif [ $? != 0 ] ; then\n    # print error to STDERR\n    echo \"error: The sandbox is not in sync with the Podfile.lock. Run 'pod install' or update your CocoaPods installation.\" >&2\n    exit 1\nfi\n# This output is used by Xcode 'outputs' to avoid re-running this script phase.\necho \"SUCCESS\" > \"${SCRIPT_OUTPUT_FILE_0}\"\n";
			showEnvVarsInLog = 0;
		};
		D624A29D5DB2F315B6C7D2E8 /* [CP] Check Pods Manifest.lock */ = {
			isa = PBXShellScriptBuildPhase;
			buildActionMask = 2147483647;
			files = (
			);
			inputFileListPaths = (
			);
			inputPaths = (
				"${PODS_PODFILE_DIR_PATH}/Podfile.lock",
				"${PODS_ROOT}/Manifest.lock",
			);
			name = "[CP] Check Pods Manifest.lock";
			outputFileListPaths = (
			);
			outputPaths = (
				"$(DERIVED_FILE_DIR)/Pods-NimbleSurvey-checkManifestLockResult.txt",
			);
			runOnlyForDeploymentPostprocessing = 0;
			shellPath = /bin/sh;
			shellScript = "diff \"${PODS_PODFILE_DIR_PATH}/Podfile.lock\" \"${PODS_ROOT}/Manifest.lock\" > /dev/null\nif [ $? != 0 ] ; then\n    # print error to STDERR\n    echo \"error: The sandbox is not in sync with the Podfile.lock. Run 'pod install' or update your CocoaPods installation.\" >&2\n    exit 1\nfi\n# This output is used by Xcode 'outputs' to avoid re-running this script phase.\necho \"SUCCESS\" > \"${SCRIPT_OUTPUT_FILE_0}\"\n";
			showEnvVarsInLog = 0;
		};
		F994BC4187668FC8EFBB82A9 /* [CP] Embed Pods Frameworks */ = {
			isa = PBXShellScriptBuildPhase;
			buildActionMask = 2147483647;
			files = (
			);
			inputFileListPaths = (
				"${PODS_ROOT}/Target Support Files/Pods-NimbleSurvey/Pods-NimbleSurvey-frameworks-${CONFIGURATION}-input-files.xcfilelist",
			);
			name = "[CP] Embed Pods Frameworks";
			outputFileListPaths = (
				"${PODS_ROOT}/Target Support Files/Pods-NimbleSurvey/Pods-NimbleSurvey-frameworks-${CONFIGURATION}-output-files.xcfilelist",
			);
			runOnlyForDeploymentPostprocessing = 0;
			shellPath = /bin/sh;
			shellScript = "\"${PODS_ROOT}/Target Support Files/Pods-NimbleSurvey/Pods-NimbleSurvey-frameworks.sh\"\n";
			showEnvVarsInLog = 0;
		};
/* End PBXShellScriptBuildPhase section */

/* Begin PBXSourcesBuildPhase section */
		2D1F431E254D138E0058AED0 /* Sources */ = {
			isa = PBXSourcesBuildPhase;
			buildActionMask = 2147483647;
			files = (
				2D1F43DC254D16A10058AED0 /* ListResponse.swift in Sources */,
				2DF25F10254EA14A003DEE22 /* SurveyListParams.swift in Sources */,
				2D1F44E4254D6ECC0058AED0 /* TextField.swift in Sources */,
				2D1F432A254D138E0058AED0 /* ViewController.swift in Sources */,
				2D1F43DD254D16A10058AED0 /* ApiErrorBag.swift in Sources */,
				2D1F4326254D138E0058AED0 /* AppDelegate.swift in Sources */,
				2D1F4390254D13D90058AED0 /* LocatorRegister.swift in Sources */,
				2D1F4328254D138E0058AED0 /* SceneDelegate.swift in Sources */,
				2D6CF9A3254EB8F40052BFB4 /* RefreshPopup.swift in Sources */,
				2D1F4399254D13D90058AED0 /* AuthVM.swift in Sources */,
				2DF25ED4254E62A6003DEE22 /* HomeController.swift in Sources */,
				2DF25F07254EA073003DEE22 /* SurveyService.swift in Sources */,
				2D1F4376254D13C50058AED0 /* Constant.swift in Sources */,
				2D1F44EA254D71C60058AED0 /* LoginController.swift in Sources */,
				2D1F444C254D51BE0058AED0 /* UserTokenInfo.swift in Sources */,
				2D1F45EB254DB5FB0058AED0 /* AuthForgotPasswordController.swift in Sources */,
				2D1F43DB254D16A10058AED0 /* ApiService.swift in Sources */,
				2D1F461C254DBC550058AED0 /* NotificationPopup.swift in Sources */,
				2DF25F19254EA245003DEE22 /* HomeVM.swift in Sources */,
				2D1F4501254D76FD0058AED0 /* LandingVM.swift in Sources */,
				2D1F4391254D13D90058AED0 /* ApiRegister.swift in Sources */,
				2D1F44FB254D74BC0058AED0 /* Functions.swift in Sources */,
				2DF25ECA254E6228003DEE22 /* HomeCollectionViewCell.swift in Sources */,
				2D1F446C254D54090058AED0 /* AuthRefreshTokenParams.swift in Sources */,
				2D1F439A254D13D90058AED0 /* UserInfo.swift in Sources */,
				2D1F4416254D4ED80058AED0 /* UserService.swift in Sources */,
				2D1F450A254D777E0058AED0 /* LandingController.swift in Sources */,
				2D1F4436254D4EF50058AED0 /* AuthLoginParams.swift in Sources */,
				2D1F43DA254D16A10058AED0 /* ApiException.swift in Sources */,
				2DF25EFE254E9FEB003DEE22 /* SurveyInfo.swift in Sources */,
				2D1F4446254D51A10058AED0 /* AuthService.swift in Sources */,
				2D1F4464254D536D0058AED0 /* AuthForgotPasswordParams.swift in Sources */,
				2D1F4580254D784F0058AED0 /* Promise.swift in Sources */,
				2D1F4591254D915C0058AED0 /* UIRegister.swift in Sources */,
				2D1F44F3254D72480058AED0 /* LoginVM.swift in Sources */,
				2D1F445A254D53160058AED0 /* AuthLogoutParams.swift in Sources */,
				2D1F4392254D13D90058AED0 /* L10nRegister.swift in Sources */,
				2D1F440D254D1EAE0058AED0 /* HttpService.swift in Sources */,
				2D1F45F0254DB7FE0058AED0 /* AuthForgotPasswordVM.swift in Sources */,
			);
			runOnlyForDeploymentPostprocessing = 0;
		};
		2D1F4334254D13900058AED0 /* Sources */ = {
			isa = PBXSourcesBuildPhase;
			buildActionMask = 2147483647;
			files = (
				2D1F45A0254D9C8C0058AED0 /* LoginVMTests.swift in Sources */,
				2D1F45F5254DBA380058AED0 /* AuthForgotPasswordVMTests.swift in Sources */,
				2D1F433D254D13900058AED0 /* NimbleSurveyTests.swift in Sources */,
				2D1F43E7254D17250058AED0 /* Helpers.swift in Sources */,
				2D1F43E8254D17250058AED0 /* ApiServiceTests.swift in Sources */,
				CD60915D1D2D537B2BC9BE4F /* NimbleSurveyMocks.generated.swift in Sources */,
				2D1F44B3254D5FF50058AED0 /* AuthVMTests.swift in Sources */,
			);
			runOnlyForDeploymentPostprocessing = 0;
		};
		2D1F433F254D13900058AED0 /* Sources */ = {
			isa = PBXSourcesBuildPhase;
			buildActionMask = 2147483647;
			files = (
				2D1F4348254D13900058AED0 /* NimbleSurveyUITests.swift in Sources */,
			);
			runOnlyForDeploymentPostprocessing = 0;
		};
/* End PBXSourcesBuildPhase section */

/* Begin PBXTargetDependency section */
		2D1F433A254D13900058AED0 /* PBXTargetDependency */ = {
			isa = PBXTargetDependency;
			target = 2D1F4321254D138E0058AED0 /* NimbleSurvey */;
			targetProxy = 2D1F4339254D13900058AED0 /* PBXContainerItemProxy */;
		};
		2D1F4345254D13900058AED0 /* PBXTargetDependency */ = {
			isa = PBXTargetDependency;
			target = 2D1F4321254D138E0058AED0 /* NimbleSurvey */;
			targetProxy = 2D1F4344254D13900058AED0 /* PBXContainerItemProxy */;
		};
/* End PBXTargetDependency section */

/* Begin PBXVariantGroup section */
		2D1F4380254D13D80058AED0 /* Landing.storyboard */ = {
			isa = PBXVariantGroup;
			children = (
				2D1F4381254D13D80058AED0 /* Base */,
			);
			name = Landing.storyboard;
			sourceTree = "<group>";
		};
		2D1F458C254D83AE0058AED0 /* Localizable.strings */ = {
			isa = PBXVariantGroup;
			children = (
				2D1F458B254D83AE0058AED0 /* en */,
			);
			name = Localizable.strings;
			sourceTree = "<group>";
		};
/* End PBXVariantGroup section */

/* Begin XCBuildConfiguration section */
		2D1F434A254D13900058AED0 /* Debug */ = {
			isa = XCBuildConfiguration;
			buildSettings = {
				ALWAYS_SEARCH_USER_PATHS = NO;
				CLANG_ANALYZER_NONNULL = YES;
				CLANG_ANALYZER_NUMBER_OBJECT_CONVERSION = YES_AGGRESSIVE;
				CLANG_CXX_LANGUAGE_STANDARD = "gnu++14";
				CLANG_CXX_LIBRARY = "libc++";
				CLANG_ENABLE_MODULES = YES;
				CLANG_ENABLE_OBJC_ARC = YES;
				CLANG_ENABLE_OBJC_WEAK = YES;
				CLANG_WARN_BLOCK_CAPTURE_AUTORELEASING = YES;
				CLANG_WARN_BOOL_CONVERSION = YES;
				CLANG_WARN_COMMA = YES;
				CLANG_WARN_CONSTANT_CONVERSION = YES;
				CLANG_WARN_DEPRECATED_OBJC_IMPLEMENTATIONS = YES;
				CLANG_WARN_DIRECT_OBJC_ISA_USAGE = YES_ERROR;
				CLANG_WARN_DOCUMENTATION_COMMENTS = YES;
				CLANG_WARN_EMPTY_BODY = YES;
				CLANG_WARN_ENUM_CONVERSION = YES;
				CLANG_WARN_INFINITE_RECURSION = YES;
				CLANG_WARN_INT_CONVERSION = YES;
				CLANG_WARN_NON_LITERAL_NULL_CONVERSION = YES;
				CLANG_WARN_OBJC_IMPLICIT_RETAIN_SELF = YES;
				CLANG_WARN_OBJC_LITERAL_CONVERSION = YES;
				CLANG_WARN_OBJC_ROOT_CLASS = YES_ERROR;
				CLANG_WARN_QUOTED_INCLUDE_IN_FRAMEWORK_HEADER = YES;
				CLANG_WARN_RANGE_LOOP_ANALYSIS = YES;
				CLANG_WARN_STRICT_PROTOTYPES = YES;
				CLANG_WARN_SUSPICIOUS_MOVE = YES;
				CLANG_WARN_UNGUARDED_AVAILABILITY = YES_AGGRESSIVE;
				CLANG_WARN_UNREACHABLE_CODE = YES;
				CLANG_WARN__DUPLICATE_METHOD_MATCH = YES;
				COPY_PHASE_STRIP = NO;
				DEBUG_INFORMATION_FORMAT = dwarf;
				ENABLE_STRICT_OBJC_MSGSEND = YES;
				ENABLE_TESTABILITY = YES;
				GCC_C_LANGUAGE_STANDARD = gnu11;
				GCC_DYNAMIC_NO_PIC = NO;
				GCC_NO_COMMON_BLOCKS = YES;
				GCC_OPTIMIZATION_LEVEL = 0;
				GCC_PREPROCESSOR_DEFINITIONS = (
					"DEBUG=1",
					"$(inherited)",
				);
				GCC_WARN_64_TO_32_BIT_CONVERSION = YES;
				GCC_WARN_ABOUT_RETURN_TYPE = YES_ERROR;
				GCC_WARN_UNDECLARED_SELECTOR = YES;
				GCC_WARN_UNINITIALIZED_AUTOS = YES_AGGRESSIVE;
				GCC_WARN_UNUSED_FUNCTION = YES;
				GCC_WARN_UNUSED_VARIABLE = YES;
				IPHONEOS_DEPLOYMENT_TARGET = 10.0;
				MTL_ENABLE_DEBUG_INFO = INCLUDE_SOURCE;
				MTL_FAST_MATH = YES;
				ONLY_ACTIVE_ARCH = YES;
				SDKROOT = iphoneos;
				SWIFT_ACTIVE_COMPILATION_CONDITIONS = DEBUG;
				SWIFT_OPTIMIZATION_LEVEL = "-Onone";
			};
			name = Debug;
		};
		2D1F434B254D13900058AED0 /* Release */ = {
			isa = XCBuildConfiguration;
			buildSettings = {
				ALWAYS_SEARCH_USER_PATHS = NO;
				CLANG_ANALYZER_NONNULL = YES;
				CLANG_ANALYZER_NUMBER_OBJECT_CONVERSION = YES_AGGRESSIVE;
				CLANG_CXX_LANGUAGE_STANDARD = "gnu++14";
				CLANG_CXX_LIBRARY = "libc++";
				CLANG_ENABLE_MODULES = YES;
				CLANG_ENABLE_OBJC_ARC = YES;
				CLANG_ENABLE_OBJC_WEAK = YES;
				CLANG_WARN_BLOCK_CAPTURE_AUTORELEASING = YES;
				CLANG_WARN_BOOL_CONVERSION = YES;
				CLANG_WARN_COMMA = YES;
				CLANG_WARN_CONSTANT_CONVERSION = YES;
				CLANG_WARN_DEPRECATED_OBJC_IMPLEMENTATIONS = YES;
				CLANG_WARN_DIRECT_OBJC_ISA_USAGE = YES_ERROR;
				CLANG_WARN_DOCUMENTATION_COMMENTS = YES;
				CLANG_WARN_EMPTY_BODY = YES;
				CLANG_WARN_ENUM_CONVERSION = YES;
				CLANG_WARN_INFINITE_RECURSION = YES;
				CLANG_WARN_INT_CONVERSION = YES;
				CLANG_WARN_NON_LITERAL_NULL_CONVERSION = YES;
				CLANG_WARN_OBJC_IMPLICIT_RETAIN_SELF = YES;
				CLANG_WARN_OBJC_LITERAL_CONVERSION = YES;
				CLANG_WARN_OBJC_ROOT_CLASS = YES_ERROR;
				CLANG_WARN_QUOTED_INCLUDE_IN_FRAMEWORK_HEADER = YES;
				CLANG_WARN_RANGE_LOOP_ANALYSIS = YES;
				CLANG_WARN_STRICT_PROTOTYPES = YES;
				CLANG_WARN_SUSPICIOUS_MOVE = YES;
				CLANG_WARN_UNGUARDED_AVAILABILITY = YES_AGGRESSIVE;
				CLANG_WARN_UNREACHABLE_CODE = YES;
				CLANG_WARN__DUPLICATE_METHOD_MATCH = YES;
				COPY_PHASE_STRIP = NO;
				DEBUG_INFORMATION_FORMAT = "dwarf-with-dsym";
				ENABLE_NS_ASSERTIONS = NO;
				ENABLE_STRICT_OBJC_MSGSEND = YES;
				GCC_C_LANGUAGE_STANDARD = gnu11;
				GCC_NO_COMMON_BLOCKS = YES;
				GCC_WARN_64_TO_32_BIT_CONVERSION = YES;
				GCC_WARN_ABOUT_RETURN_TYPE = YES_ERROR;
				GCC_WARN_UNDECLARED_SELECTOR = YES;
				GCC_WARN_UNINITIALIZED_AUTOS = YES_AGGRESSIVE;
				GCC_WARN_UNUSED_FUNCTION = YES;
				GCC_WARN_UNUSED_VARIABLE = YES;
				IPHONEOS_DEPLOYMENT_TARGET = 10.0;
				MTL_ENABLE_DEBUG_INFO = NO;
				MTL_FAST_MATH = YES;
				SDKROOT = iphoneos;
				SWIFT_COMPILATION_MODE = wholemodule;
				SWIFT_OPTIMIZATION_LEVEL = "-O";
				VALIDATE_PRODUCT = YES;
			};
			name = Release;
		};
		2D1F434D254D13900058AED0 /* Debug */ = {
			isa = XCBuildConfiguration;
			baseConfigurationReference = A207F87CEF0AF1BD86E7424F /* Pods-NimbleSurvey.debug.xcconfig */;
			buildSettings = {
				ASSETCATALOG_COMPILER_APPICON_NAME = AppIcon;
				ASSETCATALOG_COMPILER_GLOBAL_ACCENT_COLOR_NAME = AccentColor;
				CODE_SIGN_STYLE = Automatic;
				DEVELOPMENT_TEAM = FM5NT9MLCT;
				INFOPLIST_FILE = NimbleSurvey/Info.plist;
				IPHONEOS_DEPLOYMENT_TARGET = 10.0;
				LD_RUNPATH_SEARCH_PATHS = (
					"$(inherited)",
					"@executable_path/Frameworks",
				);
				PRODUCT_BUNDLE_IDENTIFIER = dev.markg.test.NimbleSurvey;
				PRODUCT_NAME = "$(TARGET_NAME)";
				SWIFT_VERSION = 5.0;
				TARGETED_DEVICE_FAMILY = "1,2";
			};
			name = Debug;
		};
		2D1F434E254D13900058AED0 /* Release */ = {
			isa = XCBuildConfiguration;
			baseConfigurationReference = 2C0140A313302ECE9139E0F9 /* Pods-NimbleSurvey.release.xcconfig */;
			buildSettings = {
				ASSETCATALOG_COMPILER_APPICON_NAME = AppIcon;
				ASSETCATALOG_COMPILER_GLOBAL_ACCENT_COLOR_NAME = AccentColor;
				CODE_SIGN_STYLE = Automatic;
				DEVELOPMENT_TEAM = FM5NT9MLCT;
				INFOPLIST_FILE = NimbleSurvey/Info.plist;
				IPHONEOS_DEPLOYMENT_TARGET = 10.0;
				LD_RUNPATH_SEARCH_PATHS = (
					"$(inherited)",
					"@executable_path/Frameworks",
				);
				PRODUCT_BUNDLE_IDENTIFIER = dev.markg.test.NimbleSurvey;
				PRODUCT_NAME = "$(TARGET_NAME)";
				SWIFT_VERSION = 5.0;
				TARGETED_DEVICE_FAMILY = "1,2";
			};
			name = Release;
		};
		2D1F4350254D13900058AED0 /* Debug */ = {
			isa = XCBuildConfiguration;
			baseConfigurationReference = 494CA6B73E95B4463818A3B5 /* Pods-NimbleSurveyTests.debug.xcconfig */;
			buildSettings = {
				ALWAYS_EMBED_SWIFT_STANDARD_LIBRARIES = YES;
				BUNDLE_LOADER = "$(TEST_HOST)";
				CODE_SIGN_STYLE = Automatic;
				DEVELOPMENT_TEAM = FM5NT9MLCT;
				INFOPLIST_FILE = NimbleSurveyTests/Info.plist;
				IPHONEOS_DEPLOYMENT_TARGET = 14.0;
				LD_RUNPATH_SEARCH_PATHS = (
					"$(inherited)",
					"@executable_path/Frameworks",
					"@loader_path/Frameworks",
				);
				PRODUCT_BUNDLE_IDENTIFIER = dev.markg.test.NimbleSurveyTests;
				PRODUCT_NAME = "$(TARGET_NAME)";
				SWIFT_VERSION = 5.0;
				TARGETED_DEVICE_FAMILY = "1,2";
				TEST_HOST = "$(BUILT_PRODUCTS_DIR)/NimbleSurvey.app/NimbleSurvey";
			};
			name = Debug;
		};
		2D1F4351254D13900058AED0 /* Release */ = {
			isa = XCBuildConfiguration;
			baseConfigurationReference = AFBA745B0EB6E53EB6E9E816 /* Pods-NimbleSurveyTests.release.xcconfig */;
			buildSettings = {
				ALWAYS_EMBED_SWIFT_STANDARD_LIBRARIES = YES;
				BUNDLE_LOADER = "$(TEST_HOST)";
				CODE_SIGN_STYLE = Automatic;
				DEVELOPMENT_TEAM = FM5NT9MLCT;
				INFOPLIST_FILE = NimbleSurveyTests/Info.plist;
				IPHONEOS_DEPLOYMENT_TARGET = 14.0;
				LD_RUNPATH_SEARCH_PATHS = (
					"$(inherited)",
					"@executable_path/Frameworks",
					"@loader_path/Frameworks",
				);
				PRODUCT_BUNDLE_IDENTIFIER = dev.markg.test.NimbleSurveyTests;
				PRODUCT_NAME = "$(TARGET_NAME)";
				SWIFT_VERSION = 5.0;
				TARGETED_DEVICE_FAMILY = "1,2";
				TEST_HOST = "$(BUILT_PRODUCTS_DIR)/NimbleSurvey.app/NimbleSurvey";
			};
			name = Release;
		};
		2D1F4353254D13900058AED0 /* Debug */ = {
			isa = XCBuildConfiguration;
			baseConfigurationReference = 68B0219DA40BABDB0FB1A09A /* Pods-NimbleSurvey-NimbleSurveyUITests.debug.xcconfig */;
			buildSettings = {
				ALWAYS_EMBED_SWIFT_STANDARD_LIBRARIES = YES;
				CODE_SIGN_STYLE = Automatic;
				DEVELOPMENT_TEAM = FM5NT9MLCT;
				INFOPLIST_FILE = NimbleSurveyUITests/Info.plist;
				LD_RUNPATH_SEARCH_PATHS = (
					"$(inherited)",
					"@executable_path/Frameworks",
					"@loader_path/Frameworks",
				);
				PRODUCT_BUNDLE_IDENTIFIER = dev.markg.test.NimbleSurveyUITests;
				PRODUCT_NAME = "$(TARGET_NAME)";
				SWIFT_VERSION = 5.0;
				TARGETED_DEVICE_FAMILY = "1,2";
				TEST_TARGET_NAME = NimbleSurvey;
			};
			name = Debug;
		};
		2D1F4354254D13900058AED0 /* Release */ = {
			isa = XCBuildConfiguration;
			baseConfigurationReference = 7C89179C5326C7BF4990EBE3 /* Pods-NimbleSurvey-NimbleSurveyUITests.release.xcconfig */;
			buildSettings = {
				ALWAYS_EMBED_SWIFT_STANDARD_LIBRARIES = YES;
				CODE_SIGN_STYLE = Automatic;
				DEVELOPMENT_TEAM = FM5NT9MLCT;
				INFOPLIST_FILE = NimbleSurveyUITests/Info.plist;
				LD_RUNPATH_SEARCH_PATHS = (
					"$(inherited)",
					"@executable_path/Frameworks",
					"@loader_path/Frameworks",
				);
				PRODUCT_BUNDLE_IDENTIFIER = dev.markg.test.NimbleSurveyUITests;
				PRODUCT_NAME = "$(TARGET_NAME)";
				SWIFT_VERSION = 5.0;
				TARGETED_DEVICE_FAMILY = "1,2";
				TEST_TARGET_NAME = NimbleSurvey;
			};
			name = Release;
		};
/* End XCBuildConfiguration section */

/* Begin XCConfigurationList section */
		2D1F431D254D138E0058AED0 /* Build configuration list for PBXProject "NimbleSurvey" */ = {
			isa = XCConfigurationList;
			buildConfigurations = (
				2D1F434A254D13900058AED0 /* Debug */,
				2D1F434B254D13900058AED0 /* Release */,
			);
			defaultConfigurationIsVisible = 0;
			defaultConfigurationName = Release;
		};
		2D1F434C254D13900058AED0 /* Build configuration list for PBXNativeTarget "NimbleSurvey" */ = {
			isa = XCConfigurationList;
			buildConfigurations = (
				2D1F434D254D13900058AED0 /* Debug */,
				2D1F434E254D13900058AED0 /* Release */,
			);
			defaultConfigurationIsVisible = 0;
			defaultConfigurationName = Release;
		};
		2D1F434F254D13900058AED0 /* Build configuration list for PBXNativeTarget "NimbleSurveyTests" */ = {
			isa = XCConfigurationList;
			buildConfigurations = (
				2D1F4350254D13900058AED0 /* Debug */,
				2D1F4351254D13900058AED0 /* Release */,
			);
			defaultConfigurationIsVisible = 0;
			defaultConfigurationName = Release;
		};
		2D1F4352254D13900058AED0 /* Build configuration list for PBXNativeTarget "NimbleSurveyUITests" */ = {
			isa = XCConfigurationList;
			buildConfigurations = (
				2D1F4353254D13900058AED0 /* Debug */,
				2D1F4354254D13900058AED0 /* Release */,
			);
			defaultConfigurationIsVisible = 0;
			defaultConfigurationName = Release;
		};
/* End XCConfigurationList section */
	};
	rootObject = 2D1F431A254D138E0058AED0 /* Project object */;
}
