{"projectHash":"381de26836c1c0c2b3936af9ea27c89afd40955b","productModuleName":"NimbleSurvey","sourceFilePaths":[{"path":"\/Users\/markg\/Documents\/Freelancer\/NimbleSurvey\/NimbleSurvey\/AppDelegate.swift","hash":"6950b05aa68ca6f94616078cc2bcc6fae341d8b0"},{"path":"\/Users\/markg\/Documents\/Freelancer\/NimbleSurvey\/NimbleSurvey\/Components\/TextField\/TextField.swift","hash":"30a29aeff6bfa7d9150fc67042fd5622709ea043"},{"path":"\/Users\/markg\/Documents\/Freelancer\/NimbleSurvey\/NimbleSurvey\/Constant.swift","hash":"1802f3d2263150c39695347581b5c4b44ee11b37"},{"path":"\/Users\/markg\/Documents\/Freelancer\/NimbleSurvey\/NimbleSurvey\/Controllers\/Auth\/AuthForgotPasswordController.swift","hash":"e2940bd267476542e7b805f355098caa36b8c940"},{"path":"\/Users\/markg\/Documents\/Freelancer\/NimbleSurvey\/NimbleSurvey\/Controllers\/Auth\/LoginController.swift","hash":"3b4cac143da844ec70c8520828e03e3f0059d0b5"},{"path":"\/Users\/markg\/Documents\/Freelancer\/NimbleSurvey\/NimbleSurvey\/Controllers\/Home\/HomeController.swift","hash":"7c78cb4f2f64c3003af2c0be5dba59fc7beaefe6"},{"path":"\/Users\/markg\/Documents\/Freelancer\/NimbleSurvey\/NimbleSurvey\/Controllers\/Landing\/LandingController.swift","hash":"be2963e2eb22e6df2b37d00eb80a5e5df52ac26d"},{"path":"\/Users\/markg\/Documents\/Freelancer\/NimbleSurvey\/NimbleSurvey\/Controllers\/ViewController.swift","hash":"20b689a2a027531f601e05bd3aa90820d908d1de"},{"path":"\/Users\/markg\/Documents\/Freelancer\/NimbleSurvey\/NimbleSurvey\/Core\/Extensions\/Promise.swift","hash":"33a597a1e76113ce3dce727b11adb3df1184f398"},{"path":"\/Users\/markg\/Documents\/Freelancer\/NimbleSurvey\/NimbleSurvey\/Functions.swift","hash":"4bbaa13147fd09c3de5c240dd69c150cb42038d9"},{"path":"\/Users\/markg\/Documents\/Freelancer\/NimbleSurvey\/NimbleSurvey\/Models\/Survey\/SurveyInfo.swift","hash":"e905343a5e1024a240186964066e7b4383a7d728"},{"path":"\/Users\/markg\/Documents\/Freelancer\/NimbleSurvey\/NimbleSurvey\/Models\/User\/UserInfo.swift","hash":"878d8316c552c73d65e35f9f9aa0b4acadd9cb09"},{"path":"\/Users\/markg\/Documents\/Freelancer\/NimbleSurvey\/NimbleSurvey\/Models\/User\/UserTokenInfo.swift","hash":"a8d80aae3ba19b33225f659c6c28d6954e5e2b83"},{"path":"\/Users\/markg\/Documents\/Freelancer\/NimbleSurvey\/NimbleSurvey\/Params\/Auth\/AuthForgotPasswordParams.swift","hash":"5c4de1f25239299f6ca9f71ab5844829fbde72f5"},{"path":"\/Users\/markg\/Documents\/Freelancer\/NimbleSurvey\/NimbleSurvey\/Params\/Auth\/AuthLoginParams.swift","hash":"711a07a6cace153a0e662f79b999dccd273497cc"},{"path":"\/Users\/markg\/Documents\/Freelancer\/NimbleSurvey\/NimbleSurvey\/Params\/Auth\/AuthLogoutParams.swift","hash":"436a7f98d8537180b24e50dc6c883dcf4a269545"},{"path":"\/Users\/markg\/Documents\/Freelancer\/NimbleSurvey\/NimbleSurvey\/Params\/Auth\/AuthRefreshTokenParams.swift","hash":"1f2e947b8b445a497550edbceaa4b1c3cfc40347"},{"path":"\/Users\/markg\/Documents\/Freelancer\/NimbleSurvey\/NimbleSurvey\/Params\/Survey\/SurveyListParams.swift","hash":"d5f1fc5b8d47fad80215bf691cd0777c41dd6d94"},{"path":"\/Users\/markg\/Documents\/Freelancer\/NimbleSurvey\/NimbleSurvey\/Popups\/Notification\/NotificationPopup.swift","hash":"826653cd24c6d627815718886810bf99e2d50e7f"},{"path":"\/Users\/markg\/Documents\/Freelancer\/NimbleSurvey\/NimbleSurvey\/Popups\/Refresh\/RefreshPopup.swift","hash":"fad95bea8869de220779086fd36b5e0561f99a65"},{"path":"\/Users\/markg\/Documents\/Freelancer\/NimbleSurvey\/NimbleSurvey\/Registers\/ApiRegister.swift","hash":"b0ec7c2376ac5ee04c7425e2550cf162dd7e7330"},{"path":"\/Users\/markg\/Documents\/Freelancer\/NimbleSurvey\/NimbleSurvey\/Registers\/L10nRegister.swift","hash":"1b535487cb8bf5da7bf5ccae5bf2f64294ef3209"},{"path":"\/Users\/markg\/Documents\/Freelancer\/NimbleSurvey\/NimbleSurvey\/Registers\/LocatorRegister.swift","hash":"d2dc77060fe08752c4447c7cab73d6cc4fe4ce80"},{"path":"\/Users\/markg\/Documents\/Freelancer\/NimbleSurvey\/NimbleSurvey\/Registers\/UIRegister.swift","hash":"b8b0d506273f10150eb9bc19bfce13c9b87b2ee7"},{"path":"\/Users\/markg\/Documents\/Freelancer\/NimbleSurvey\/NimbleSurvey\/SceneDelegate.swift","hash":"87bd8960997bc0ae3f3e5e020805fa196d3c5a78"},{"path":"\/Users\/markg\/Documents\/Freelancer\/NimbleSurvey\/NimbleSurvey\/Screens\/Home\/Components\/HomeCell\/HomeCollectionViewCell.swift","hash":"65991633746e14e9c159eac7cec169eb4847208a"},{"path":"\/Users\/markg\/Documents\/Freelancer\/NimbleSurvey\/NimbleSurvey\/Services\/Api\/ApiErrorBag.swift","hash":"0ef727e72cac7c5e40e25a10f0ff90b7c602073a"},{"path":"\/Users\/markg\/Documents\/Freelancer\/NimbleSurvey\/NimbleSurvey\/Services\/Api\/ApiException.swift","hash":"a8557c5d2fcf2526c9a5bddd917e1eb9c3be55a9"},{"path":"\/Users\/markg\/Documents\/Freelancer\/NimbleSurvey\/NimbleSurvey\/Services\/Api\/ApiService.swift","hash":"7be3f596c4544fa5d479f0d462244b7b08d8096d"},{"path":"\/Users\/markg\/Documents\/Freelancer\/NimbleSurvey\/NimbleSurvey\/Services\/Api\/ListResponse.swift","hash":"927bb2daa4eed8dab8b7a9857969bcc1e5dfb7ca"},{"path":"\/Users\/markg\/Documents\/Freelancer\/NimbleSurvey\/NimbleSurvey\/Services\/Auth\/AuthService.swift","hash":"44a481a2d75d3e43929701e9fbbe6fcf8b582a1b"},{"path":"\/Users\/markg\/Documents\/Freelancer\/NimbleSurvey\/NimbleSurvey\/Services\/Date\/DateService.swift","hash":"431b3f981729dcf3347c8805e06a64e955e6f4fb"},{"path":"\/Users\/markg\/Documents\/Freelancer\/NimbleSurvey\/NimbleSurvey\/Services\/Http\/HttpService.swift","hash":"023f30842c842cfb0519f9cbe5bbd5ad15b7cb91"},{"path":"\/Users\/markg\/Documents\/Freelancer\/NimbleSurvey\/NimbleSurvey\/Services\/Survey\/SurveyService.swift","hash":"091d161d98a1488d31a631a2cdb93460bfdcb6b1"},{"path":"\/Users\/markg\/Documents\/Freelancer\/NimbleSurvey\/NimbleSurvey\/Services\/Timer\/TimerService.swift","hash":"b08d74f13884eb6ceeb34d385a8acb76bb4aad9b"},{"path":"\/Users\/markg\/Documents\/Freelancer\/NimbleSurvey\/NimbleSurvey\/Services\/User\/UserService.swift","hash":"00f68cfab4ee4d1cd17256242bffc2d0548097de"},{"path":"\/Users\/markg\/Documents\/Freelancer\/NimbleSurvey\/NimbleSurvey\/ViewModels\/Auth\/AuthForgotPasswordVM.swift","hash":"761727203d921db9f598d4591e5883d1033e6598"},{"path":"\/Users\/markg\/Documents\/Freelancer\/NimbleSurvey\/NimbleSurvey\/ViewModels\/Auth\/LoginVM.swift","hash":"e0fca601777e0b6eb2a24d0198507b22d42b79d9"},{"path":"\/Users\/markg\/Documents\/Freelancer\/NimbleSurvey\/NimbleSurvey\/ViewModels\/Global\/AuthVM.swift","hash":"1d0450572d2e5e6f63af5554ea04fc4ad7849197"},{"path":"\/Users\/markg\/Documents\/Freelancer\/NimbleSurvey\/NimbleSurvey\/ViewModels\/Home\/HomeVM.swift","hash":"ac68a9323cb3811e13747f4ea9d748bdfe9d0bd3"},{"path":"\/Users\/markg\/Documents\/Freelancer\/NimbleSurvey\/NimbleSurvey\/ViewModels\/Landing\/LandingVM.swift","hash":"34ab68941c948b764973731c80028bcda8872162"}],"outputHash":"9d0c1a65255e5ad6a6746163ea693db14f9bf9e2","supportingFilePaths":[{"path":"\/Users\/markg\/Documents\/Freelancer\/NimbleSurvey\/MockingbirdSupport\/SwiftyBase\/ApiService.swift","hash":"6fe8503682cc276290dc301ba4fce3afb655445c"},{"path":"\/Users\/markg\/Documents\/Freelancer\/NimbleSurvey\/MockingbirdSupport\/SwiftyBase\/HttpService.swift","hash":"1eb1c6bd24020fbd9f7e4630800cfc2d9ea3da57"}],"sourceRoot":"\/Users\/markg\/Documents\/Freelancer\/NimbleSurvey","targetPathsHash":"afd6fd00a98d4420fff1ca0f4464ac9a859bab38","dependencyPathsHash":"a45c41e560b06ac64af7335eabae030914a23f06","dependencies":[],"name":"NimbleSurvey","cliVersion":"0.10.0"}