{"projectHash":"5d6daf0411aba41e52e68c5ac5384888dbdc2c67","productModuleName":"NimbleSurvey","sourceFilePaths":[{"path":"\/Users\/markg\/Documents\/Freelancer\/NimbleSurvey\/NimbleSurvey\/AppDelegate.swift","hash":"f24d271f5cc51c6c080920180ab3234ff70db31c"},{"path":"\/Users\/markg\/Documents\/Freelancer\/NimbleSurvey\/NimbleSurvey\/Constant.swift","hash":"21072928cde3d77f3479d7d81840f9ca0a8b643d"},{"path":"\/Users\/markg\/Documents\/Freelancer\/NimbleSurvey\/NimbleSurvey\/Controllers\/ViewController.swift","hash":"20b689a2a027531f601e05bd3aa90820d908d1de"},{"path":"\/Users\/markg\/Documents\/Freelancer\/NimbleSurvey\/NimbleSurvey\/Models\/User\/UserInfo.swift","hash":"878d8316c552c73d65e35f9f9aa0b4acadd9cb09"},{"path":"\/Users\/markg\/Documents\/Freelancer\/NimbleSurvey\/NimbleSurvey\/Models\/User\/UserTokenInfo.swift","hash":"a8d80aae3ba19b33225f659c6c28d6954e5e2b83"},{"path":"\/Users\/markg\/Documents\/Freelancer\/NimbleSurvey\/NimbleSurvey\/Params\/Auth\/AuthForgotPasswordParams.swift","hash":"5c4de1f25239299f6ca9f71ab5844829fbde72f5"},{"path":"\/Users\/markg\/Documents\/Freelancer\/NimbleSurvey\/NimbleSurvey\/Params\/Auth\/AuthLoginParams.swift","hash":"19abd040aa59f32f652a98315b9b0b5a5d9f7067"},{"path":"\/Users\/markg\/Documents\/Freelancer\/NimbleSurvey\/NimbleSurvey\/Params\/Auth\/AuthLogoutParams.swift","hash":"436a7f98d8537180b24e50dc6c883dcf4a269545"},{"path":"\/Users\/markg\/Documents\/Freelancer\/NimbleSurvey\/NimbleSurvey\/Params\/Auth\/AuthRefreshTokenParams.swift","hash":"1f2e947b8b445a497550edbceaa4b1c3cfc40347"},{"path":"\/Users\/markg\/Documents\/Freelancer\/NimbleSurvey\/NimbleSurvey\/Registers\/ApiRegister.swift","hash":"b0ec7c2376ac5ee04c7425e2550cf162dd7e7330"},{"path":"\/Users\/markg\/Documents\/Freelancer\/NimbleSurvey\/NimbleSurvey\/Registers\/L10nRegister.swift","hash":"1b535487cb8bf5da7bf5ccae5bf2f64294ef3209"},{"path":"\/Users\/markg\/Documents\/Freelancer\/NimbleSurvey\/NimbleSurvey\/Registers\/LocatorRegister.swift","hash":"4c1c0095e619387d1e351e7f43ddd05a19f5436c"},{"path":"\/Users\/markg\/Documents\/Freelancer\/NimbleSurvey\/NimbleSurvey\/SceneDelegate.swift","hash":"87bd8960997bc0ae3f3e5e020805fa196d3c5a78"},{"path":"\/Users\/markg\/Documents\/Freelancer\/NimbleSurvey\/NimbleSurvey\/Services\/Api\/ApiErrorBag.swift","hash":"c0c58d32209a135b67ea2300a89b4c906db5a9c7"},{"path":"\/Users\/markg\/Documents\/Freelancer\/NimbleSurvey\/NimbleSurvey\/Services\/Api\/ApiException.swift","hash":"a8557c5d2fcf2526c9a5bddd917e1eb9c3be55a9"},{"path":"\/Users\/markg\/Documents\/Freelancer\/NimbleSurvey\/NimbleSurvey\/Services\/Api\/ApiService.swift","hash":"7be3f596c4544fa5d479f0d462244b7b08d8096d"},{"path":"\/Users\/markg\/Documents\/Freelancer\/NimbleSurvey\/NimbleSurvey\/Services\/Api\/ListResponse.swift","hash":"e9a91f2f5313fa17fe281205c71b156a402a71ae"},{"path":"\/Users\/markg\/Documents\/Freelancer\/NimbleSurvey\/NimbleSurvey\/Services\/Auth\/AuthService.swift","hash":"44a481a2d75d3e43929701e9fbbe6fcf8b582a1b"},{"path":"\/Users\/markg\/Documents\/Freelancer\/NimbleSurvey\/NimbleSurvey\/Services\/Http\/HttpService.swift","hash":"023f30842c842cfb0519f9cbe5bbd5ad15b7cb91"},{"path":"\/Users\/markg\/Documents\/Freelancer\/NimbleSurvey\/NimbleSurvey\/Services\/User\/UserService.swift","hash":"00f68cfab4ee4d1cd17256242bffc2d0548097de"},{"path":"\/Users\/markg\/Documents\/Freelancer\/NimbleSurvey\/NimbleSurvey\/ViewModels\/Global\/AuthVM.swift","hash":"2c0c240727ad748ad0f14712513407174eebaf3a"}],"outputHash":"a5b0ca4d4d0885ee1909b4b5881010cc00efcf94","supportingFilePaths":[{"path":"\/Users\/markg\/Documents\/Freelancer\/NimbleSurvey\/MockingbirdSupport\/SwiftyBase\/ApiService.swift","hash":"6fe8503682cc276290dc301ba4fce3afb655445c"},{"path":"\/Users\/markg\/Documents\/Freelancer\/NimbleSurvey\/MockingbirdSupport\/SwiftyBase\/HttpService.swift","hash":"1eb1c6bd24020fbd9f7e4630800cfc2d9ea3da57"}],"sourceRoot":"\/Users\/markg\/Documents\/Freelancer\/NimbleSurvey","targetPathsHash":"70c0f3d8d791f2bc595a0a37de430f6e45520fca","dependencyPathsHash":"a45c41e560b06ac64af7335eabae030914a23f06","dependencies":[],"name":"NimbleSurvey","cliVersion":"0.10.0"}