{"projectHash":"2d8ea06e940d27ab1497840a5dabf6793b96d85b","productModuleName":"NimbleSurvey","sourceFilePaths":[{"path":"\/Users\/markg\/Documents\/Freelancer\/NimbleSurvey\/NimbleSurvey\/AppDelegate.swift","hash":"f24d271f5cc51c6c080920180ab3234ff70db31c"},{"path":"\/Users\/markg\/Documents\/Freelancer\/NimbleSurvey\/NimbleSurvey\/Constant.swift","hash":"21072928cde3d77f3479d7d81840f9ca0a8b643d"},{"path":"\/Users\/markg\/Documents\/Freelancer\/NimbleSurvey\/NimbleSurvey\/Controllers\/ViewController.swift","hash":"20b689a2a027531f601e05bd3aa90820d908d1de"},{"path":"\/Users\/markg\/Documents\/Freelancer\/NimbleSurvey\/NimbleSurvey\/Models\/UserInfo.swift","hash":"ff94ed6b62dec541219190975b0ced72366acf01"},{"path":"\/Users\/markg\/Documents\/Freelancer\/NimbleSurvey\/NimbleSurvey\/Registers\/ApiRegister.swift","hash":"b0ec7c2376ac5ee04c7425e2550cf162dd7e7330"},{"path":"\/Users\/markg\/Documents\/Freelancer\/NimbleSurvey\/NimbleSurvey\/Registers\/L10nRegister.swift","hash":"1b535487cb8bf5da7bf5ccae5bf2f64294ef3209"},{"path":"\/Users\/markg\/Documents\/Freelancer\/NimbleSurvey\/NimbleSurvey\/Registers\/LocatorRegister.swift","hash":"536e8b430df388cc55524a292e5026d63fe3fca1"},{"path":"\/Users\/markg\/Documents\/Freelancer\/NimbleSurvey\/NimbleSurvey\/SceneDelegate.swift","hash":"87bd8960997bc0ae3f3e5e020805fa196d3c5a78"},{"path":"\/Users\/markg\/Documents\/Freelancer\/NimbleSurvey\/NimbleSurvey\/Services\/Api\/ApiErrorBag.swift","hash":"91ba8abe3f8a90e233593f175f5d7c12bb628a84"},{"path":"\/Users\/markg\/Documents\/Freelancer\/NimbleSurvey\/NimbleSurvey\/Services\/Api\/ApiException.swift","hash":"aea32e62c78bbe8cd9b756917970b0f607aca736"},{"path":"\/Users\/markg\/Documents\/Freelancer\/NimbleSurvey\/NimbleSurvey\/Services\/Api\/ApiService.swift","hash":"8fe1eed22a73da15948a563022b1c349e6441677"},{"path":"\/Users\/markg\/Documents\/Freelancer\/NimbleSurvey\/NimbleSurvey\/Services\/Api\/ListResponse.swift","hash":"e9a91f2f5313fa17fe281205c71b156a402a71ae"},{"path":"\/Users\/markg\/Documents\/Freelancer\/NimbleSurvey\/NimbleSurvey\/Services\/Http\/HttpService.swift","hash":"023f30842c842cfb0519f9cbe5bbd5ad15b7cb91"},{"path":"\/Users\/markg\/Documents\/Freelancer\/NimbleSurvey\/NimbleSurvey\/ViewModels\/Global\/AuthVM.swift","hash":"e73c174f8145e786c3293a8e1c4a120026f28bf5"}],"outputHash":"31c1501847d8115192349b9c9c3670c3c8634d5f","supportingFilePaths":[{"path":"\/Users\/markg\/Documents\/Freelancer\/NimbleSurvey\/MockingbirdSupport\/SwiftyBase\/ApiService.swift","hash":"6fe8503682cc276290dc301ba4fce3afb655445c"},{"path":"\/Users\/markg\/Documents\/Freelancer\/NimbleSurvey\/MockingbirdSupport\/SwiftyBase\/HttpService.swift","hash":"1eb1c6bd24020fbd9f7e4630800cfc2d9ea3da57"}],"sourceRoot":"\/Users\/markg\/Documents\/Freelancer\/NimbleSurvey","targetPathsHash":"bc64543b9e12cc93953f9b19fa8a3e1f6209954e","dependencyPathsHash":"a45c41e560b06ac64af7335eabae030914a23f06","dependencies":[],"name":"NimbleSurvey","cliVersion":"0.10.0"}